{
    "_meta": {
        "hash": {
            "sha256": "084fa5dc8709162eff5c86027437387494fd2ede5afcda439358ecadd8678fa5"
        },
        "pipfile-spec": 6,
        "requires": {
            "python_version": "3.9"
        },
        "sources": [
            {
                "name": "pypi",
                "url": "https://pypi.org/simple",
                "verify_ssl": true
            }
        ]
    },
    "default": {
        "anyio": {
            "hashes": [
                "sha256:44a3c9aba0f5defa43261a8b3efb97891f2bd7d804e0e1f56419befa1adfc780",
                "sha256:91dee416e570e92c64041bd18b900d1d6fa78dff7048769ce5ac5ddad004fbb5"
            ],
            "markers": "python_version >= '3.7'",
            "version": "==3.7.1"
        },
        "certifi": {
            "hashes": [
                "sha256:3d5da6925056f6f18f119200434a4780a94263f10d1c21d032a6f6b2baa20651",
                "sha256:ca78db4565a652026a4db2bcdf68f2fb589ea80d0be70e03929ed730746b84fe"
            ],
            "markers": "python_version >= '3.6'",
            "version": "==2025.1.31"
        },
        "chardet": {
            "hashes": [
                "sha256:0d6f53a15db4120f2b08c94f11e7d93d2c911ee118b6b30a04ec3ee8310179fa",
                "sha256:f864054d66fd9118f2e67044ac8981a54775ec5b67aed0441892edb553d21da5"
            ],
            "index": "pypi",
            "markers": "python_version >= '2.7' and python_version not in '3.0, 3.1, 3.2, 3.3, 3.4'",
            "version": "==4.0.0"
        },
        "charset-normalizer": {
            "hashes": [
                "sha256:0167ddc8ab6508fe81860a57dd472b2ef4060e8d378f0cc555707126830f2537",
                "sha256:01732659ba9b5b873fc117534143e4feefecf3b2078b0a6a2e925271bb6f4cfa",
                "sha256:01ad647cdd609225c5350561d084b42ddf732f4eeefe6e678765636791e78b9a",
                "sha256:04432ad9479fa40ec0f387795ddad4437a2b50417c69fa275e212933519ff294",
                "sha256:0907f11d019260cdc3f94fbdb23ff9125f6b5d1039b76003b5b0ac9d6a6c9d5b",
                "sha256:0924e81d3d5e70f8126529951dac65c1010cdf117bb75eb02dd12339b57749dd",
                "sha256:09b26ae6b1abf0d27570633b2b078a2a20419c99d66fb2823173d73f188ce601",
                "sha256:09b5e6733cbd160dcc09589227187e242a30a49ca5cefa5a7edd3f9d19ed53fd",
                "sha256:0af291f4fe114be0280cdd29d533696a77b5b49cfde5467176ecab32353395c4",
                "sha256:0f55e69f030f7163dffe9fd0752b32f070566451afe180f99dbeeb81f511ad8d",
                "sha256:1a2bc9f351a75ef49d664206d51f8e5ede9da246602dc2d2726837620ea034b2",
                "sha256:22e14b5d70560b8dd51ec22863f370d1e595ac3d024cb8ad7d308b4cd95f8313",
                "sha256:234ac59ea147c59ee4da87a0c0f098e9c8d169f4dc2a159ef720f1a61bbe27cd",
                "sha256:2369eea1ee4a7610a860d88f268eb39b95cb588acd7235e02fd5a5601773d4fa",
                "sha256:237bdbe6159cff53b4f24f397d43c6336c6b0b42affbe857970cefbb620911c8",
                "sha256:28bf57629c75e810b6ae989f03c0828d64d6b26a5e205535585f96093e405ed1",
                "sha256:2967f74ad52c3b98de4c3b32e1a44e32975e008a9cd2a8cc8966d6a5218c5cb2",
                "sha256:2a75d49014d118e4198bcee5ee0a6f25856b29b12dbf7cd012791f8a6cc5c496",
                "sha256:2bdfe3ac2e1bbe5b59a1a63721eb3b95fc9b6817ae4a46debbb4e11f6232428d",
                "sha256:2d074908e1aecee37a7635990b2c6d504cd4766c7bc9fc86d63f9c09af3fa11b",
                "sha256:2fb9bd477fdea8684f78791a6de97a953c51831ee2981f8e4f583ff3b9d9687e",
                "sha256:311f30128d7d333eebd7896965bfcfbd0065f1716ec92bd5638d7748eb6f936a",
                "sha256:329ce159e82018d646c7ac45b01a430369d526569ec08516081727a20e9e4af4",
                "sha256:345b0426edd4e18138d6528aed636de7a9ed169b4aaf9d61a8c19e39d26838ca",
                "sha256:363e2f92b0f0174b2f8238240a1a30142e3db7b957a5dd5689b0e75fb717cc78",
                "sha256:3a3bd0dcd373514dcec91c411ddb9632c0d7d92aed7093b8c3bbb6d69ca74408",
                "sha256:3bed14e9c89dcb10e8f3a29f9ccac4955aebe93c71ae803af79265c9ca5644c5",
                "sha256:44251f18cd68a75b56585dd00dae26183e102cd5e0f9f1466e6df5da2ed64ea3",
                "sha256:44ecbf16649486d4aebafeaa7ec4c9fed8b88101f4dd612dcaf65d5e815f837f",
                "sha256:4532bff1b8421fd0a320463030c7520f56a79c9024a4e88f01c537316019005a",
                "sha256:49402233c892a461407c512a19435d1ce275543138294f7ef013f0b63d5d3765",
                "sha256:4c0907b1928a36d5a998d72d64d8eaa7244989f7aaaf947500d3a800c83a3fd6",
                "sha256:4d86f7aff21ee58f26dcf5ae81a9addbd914115cdebcbb2217e4f0ed8982e146",
                "sha256:5777ee0881f9499ed0f71cc82cf873d9a0ca8af166dfa0af8ec4e675b7df48e6",
                "sha256:5df196eb874dae23dcfb968c83d4f8fdccb333330fe1fc278ac5ceeb101003a9",
                "sha256:619a609aa74ae43d90ed2e89bdd784765de0a25ca761b93e196d938b8fd1dbbd",
                "sha256:6e27f48bcd0957c6d4cb9d6fa6b61d192d0b13d5ef563e5f2ae35feafc0d179c",
                "sha256:6ff8a4a60c227ad87030d76e99cd1698345d4491638dfa6673027c48b3cd395f",
                "sha256:73d94b58ec7fecbc7366247d3b0b10a21681004153238750bb67bd9012414545",
                "sha256:7461baadb4dc00fd9e0acbe254e3d7d2112e7f92ced2adc96e54ef6501c5f176",
                "sha256:75832c08354f595c760a804588b9357d34ec00ba1c940c15e31e96d902093770",
                "sha256:7709f51f5f7c853f0fb938bcd3bc59cdfdc5203635ffd18bf354f6967ea0f824",
                "sha256:78baa6d91634dfb69ec52a463534bc0df05dbd546209b79a3880a34487f4b84f",
                "sha256:7974a0b5ecd505609e3b19742b60cee7aa2aa2fb3151bc917e6e2646d7667dcf",
                "sha256:7a4f97a081603d2050bfaffdefa5b02a9ec823f8348a572e39032caa8404a487",
                "sha256:7b1bef6280950ee6c177b326508f86cad7ad4dff12454483b51d8b7d673a2c5d",
                "sha256:7d053096f67cd1241601111b698f5cad775f97ab25d81567d3f59219b5f1adbd",
                "sha256:804a4d582ba6e5b747c625bf1255e6b1507465494a40a2130978bda7b932c90b",
                "sha256:807f52c1f798eef6cf26beb819eeb8819b1622ddfeef9d0977a8502d4db6d534",
                "sha256:80ed5e856eb7f30115aaf94e4a08114ccc8813e6ed1b5efa74f9f82e8509858f",
                "sha256:8417cb1f36cc0bc7eaba8ccb0e04d55f0ee52df06df3ad55259b9a323555fc8b",
                "sha256:8436c508b408b82d87dc5f62496973a1805cd46727c34440b0d29d8a2f50a6c9",
                "sha256:89149166622f4db9b4b6a449256291dc87a99ee53151c74cbd82a53c8c2f6ccd",
                "sha256:8bfa33f4f2672964266e940dd22a195989ba31669bd84629f05fab3ef4e2d125",
                "sha256:8c60ca7339acd497a55b0ea5d506b2a2612afb2826560416f6894e8b5770d4a9",
                "sha256:91b36a978b5ae0ee86c394f5a54d6ef44db1de0815eb43de826d41d21e4af3de",
                "sha256:955f8851919303c92343d2f66165294848d57e9bba6cf6e3625485a70a038d11",
                "sha256:97f68b8d6831127e4787ad15e6757232e14e12060bec17091b85eb1486b91d8d",
                "sha256:9b23ca7ef998bc739bf6ffc077c2116917eabcc901f88da1b9856b210ef63f35",
                "sha256:9f0b8b1c6d84c8034a44893aba5e767bf9c7a211e313a9605d9c617d7083829f",
                "sha256:aabfa34badd18f1da5ec1bc2715cadc8dca465868a4e73a0173466b688f29dda",
                "sha256:ab36c8eb7e454e34e60eb55ca5d241a5d18b2c6244f6827a30e451c42410b5f7",
                "sha256:b010a7a4fd316c3c484d482922d13044979e78d1861f0e0650423144c616a46a",
                "sha256:b1ac5992a838106edb89654e0aebfc24f5848ae2547d22c2c3f66454daa11971",
                "sha256:b7b2d86dd06bfc2ade3312a83a5c364c7ec2e3498f8734282c6c3d4b07b346b8",
                "sha256:b97e690a2118911e39b4042088092771b4ae3fc3aa86518f84b8cf6888dbdb41",
                "sha256:bc2722592d8998c870fa4e290c2eec2c1569b87fe58618e67d38b4665dfa680d",
                "sha256:c0429126cf75e16c4f0ad00ee0eae4242dc652290f940152ca8c75c3a4b6ee8f",
                "sha256:c30197aa96e8eed02200a83fba2657b4c3acd0f0aa4bdc9f6c1af8e8962e0757",
                "sha256:c4c3e6da02df6fa1410a7680bd3f63d4f710232d3139089536310d027950696a",
                "sha256:c75cb2a3e389853835e84a2d8fb2b81a10645b503eca9bcb98df6b5a43eb8886",
                "sha256:c96836c97b1238e9c9e3fe90844c947d5afbf4f4c92762679acfe19927d81d77",
                "sha256:d7f50a1f8c450f3925cb367d011448c39239bb3eb4117c36a6d354794de4ce76",
                "sha256:d973f03c0cb71c5ed99037b870f2be986c3c05e63622c017ea9816881d2dd247",
                "sha256:d98b1668f06378c6dbefec3b92299716b931cd4e6061f3c875a71ced1780ab85",
                "sha256:d9c3cdf5390dcd29aa8056d13e8e99526cda0305acc038b96b30352aff5ff2bb",
                "sha256:dad3e487649f498dd991eeb901125411559b22e8d7ab25d3aeb1af367df5efd7",
                "sha256:dccbe65bd2f7f7ec22c4ff99ed56faa1e9f785482b9bbd7c717e26fd723a1d1e",
                "sha256:dd78cfcda14a1ef52584dbb008f7ac81c1328c0f58184bf9a84c49c605002da6",
                "sha256:e218488cd232553829be0664c2292d3af2eeeb94b32bea483cf79ac6a694e037",
                "sha256:e358e64305fe12299a08e08978f51fc21fac060dcfcddd95453eabe5b93ed0e1",
                "sha256:ea0d8d539afa5eb2728aa1932a988a9a7af94f18582ffae4bc10b3fbdad0626e",
                "sha256:eab677309cdb30d047996b36d34caeda1dc91149e4fdca0b1a039b3f79d9a807",
                "sha256:eb8178fe3dba6450a3e024e95ac49ed3400e506fd4e9e5c32d30adda88cbd407",
                "sha256:ecddf25bee22fe4fe3737a399d0d177d72bc22be6913acfab364b40bce1ba83c",
                "sha256:eea6ee1db730b3483adf394ea72f808b6e18cf3cb6454b4d86e04fa8c4327a12",
                "sha256:f08ff5e948271dc7e18a35641d2f11a4cd8dfd5634f55228b691e62b37125eb3",
                "sha256:f30bf9fd9be89ecb2360c7d94a711f00c09b976258846efe40db3d05828e8089",
                "sha256:fa88b843d6e211393a37219e6a1c1df99d35e8fd90446f1118f4216e307e48cd",
                "sha256:fc54db6c8593ef7d4b2a331b58653356cf04f67c960f584edb7c3d8c97e8f39e",
                "sha256:fd4ec41f914fa74ad1b8304bbc634b3de73d2a0889bd32076342a573e0779e00",
                "sha256:ffc9202a29ab3920fa812879e95a9e78b2465fd10be7fcbd042899695d75e616"
            ],
            "markers": "python_version >= '3.7'",
            "version": "==3.4.1"
        },
        "exceptiongroup": {
            "hashes": [
                "sha256:097acd85d473d75af5bb98e41b61ff7fe35efe6675e4f9370ec6ec5126d160e9",
                "sha256:343280667a4585d195ca1cf9cef84a4e178c4b6cf2274caef9859782b567d5e3"
            ],
            "markers": "python_version < '3.11'",
            "version": "==1.1.3"
        },
        "fuzzywuzzy": {
            "extras": [
                "speedup"
            ],
            "hashes": [
                "sha256:45016e92264780e58972dca1b3d939ac864b78437422beecebb3095f8efd00e8",
                "sha256:928244b28db720d1e0ee7587acf660ea49d7e4c632569cad4f1cd7e68a5f0993"
            ],
            "version": "==0.18.0"
        },
        "h11": {
            "hashes": [
                "sha256:36a3cb8c0a032f56e2da7084577878a035d3b61d104230d4bd49c0c6b555a9c6",
                "sha256:47222cb6067e4a307d535814917cd98fd0a57b6788ce715755fa2b6c28b56042"
            ],
            "markers": "python_version >= '3.6'",
            "version": "==0.12.0"
        },
        "httpcore": {
            "hashes": [
                "sha256:1105b8b73c025f23ff7c36468e4432226cbb959176eab66864b8e31c4ee27fa6",
                "sha256:18b68ab86a3ccf3e7dc0f43598eaddcf472b602aba29f9aa6ab85fe2ada3980b"
            ],
            "markers": "python_version >= '3.7'",
            "version": "==0.15.0"
        },
        "httpx": {
            "hashes": [
                "sha256:42974f577483e1e932c3cdc3cd2303e883cbfba17fe228b0f63589764d7b9c4b",
                "sha256:f28eac771ec9eb4866d3fb4ab65abd42d38c424739e80c08d8d20570de60b0ef"
            ],
            "index": "pypi",
            "markers": "python_version >= '3.7'",
            "version": "==0.23.0"
        },
        "idna": {
            "hashes": [
                "sha256:12f65c9b470abda6dc35cf8e63cc574b1c52b11df2c86030af0ac09b01b13ea9",
                "sha256:946d195a0d259cbba61165e88e65941f16e9b36ea6ddb97f00452bae8b1287d3"
            ],
            "markers": "python_version >= '3.6'",
            "version": "==3.10"
        },
        "levenshtein": {
            "hashes": [
                "sha256:0033a243510e829ead1ae62720389c9f17d422a98c0525da593d239a9ff434e5",
                "sha256:039dc7323fd28de44d6c13a334a34ab1ddee598762cb2dae3223ca1f083577f9",
                "sha256:078bb87ea32a28825900f5d29ba2946dc9cf73094dfed4ba5d70f042f2435609",
                "sha256:0ab52358f54ee48ad7656a773a0c72ef89bb9ba5acc6b380cfffd619fb223a23",
                "sha256:0acaae1c20c8ed37915b0cde14b5c77d5a3ba08e05f9ce4f55e16843de9c7bb8",
                "sha256:0d2f608c5ce7b9a0a0af3c910f43ea7eb060296655aa127b10e4af7be5559303",
                "sha256:0ece1d077d9006cff329bb95eb9704f407933ff4484e5d008a384d268b993439",
                "sha256:10b980dcc865f8fe04723e448fac4e9a32cbd21fb41ab548725a2d30d9a22429",
                "sha256:14c5f90859e512004cc25b50b79c7ae6f068ebe69a7213a9018c83bd88c1305b",
                "sha256:151046d1c70bdf01ede01f46467c11151ceb9c86fefaf400978b990110d0a55e",
                "sha256:1772c4491f6ef6504e591c0dd60e1e418b2015074c3d56ee93af6b1a019906ee",
                "sha256:1a5e3461d29b3188518464bd3121fc64635ff884ae544147b5d326ce13c50d36",
                "sha256:1e13857d870048ff58ce95c8eb32e10285918ee74e1c9bf1825af08dd49b0bc6",
                "sha256:20f79946481052bbbee5284c755aa0a5feb10a344d530e014a50cb9544745dd3",
                "sha256:249eaa351b5355b3e3ca7e3a8e2a0bca7bff4491c89a0b0fa3b9d0614cf3efeb",
                "sha256:26b468455f29fb255b62c22522026985cb3181a02e570c8b37659fedb1bc0170",
                "sha256:2a3801a0463791440b4350b734e4ec0dbc140b675a3ce9ef936feed06b23c58d",
                "sha256:2c32f86bb54b9744c95c27b5398f108158cc6a87c5dbb3ad5a344634bf9b07d3",
                "sha256:2d3229c1336498c2b72842dd4c850dff1040588a5468abe5104444a372c1a573",
                "sha256:2d3f2b8e67915268c49f0faa29a29a8c26811a4b46bd96dd043bc8557428065d",
                "sha256:2f8c8c48217b2733ae5bd8ef14e0ad730a30d113c84dc2cfc441435ef900732b",
                "sha256:34859c5ff7261f25daea810b5439ad80624cbb9021381df2c390c20eb75b79c6",
                "sha256:3497eda857e70863a090673a82442877914c57b5f04673c782642e69caf25c0c",
                "sha256:35ce82403730dd2a3b397abb2535786af06835fcf3dc40dc8ea67ed589bbd010",
                "sha256:3789e4aeaeb830d944e1f502f9aa9024e9cd36b68d6eba6892df7972b884abd7",
                "sha256:3dc62b2f74e4050f0a1261a34e11fd9e7c6d80a45679c0e02ac452b16fda7b34",
                "sha256:48c8388a321e55c1feeef543b49fc969be6a5cf6bcf4dcb5dced82f5fea6793c",
                "sha256:4a88aa3b5f49aeca08080b6c3fa7e1095d939eafb13f42dbe8f1b27ff405fd43",
                "sha256:4be0e5e742f6a299acf7aa8d2e5cfca946bcff224383fd451d894e79499f0a46",
                "sha256:4d3b9c9e2852eca20de6bd8ca7f47d817a056993fd4927a4d50728b62315376b",
                "sha256:4e93dbfdf08360b4261a2385340d26ac491a1bf9bd17bf22a59636705d2d6479",
                "sha256:5106bce4e94bc1ae137b50d1e5f49b726997be879baf66eafc6ee365adec3db5",
                "sha256:549170257f052289df93a13526877cb397d351b0c8a3e4c9ae3936aeafd8ad17",
                "sha256:54a51036b02222912a029a6efa2ce1ee2be49c88e0bb32995e0999feba183913",
                "sha256:58f8b8f5d4348e470e8c0d4e9f7c23a8f7cfc3cbd8024cc5a1fc68cc81f7d6cb",
                "sha256:5a61606bad3afb9fcec0a2a21871319c3f7da933658d2e0e6e55ab4a34814f48",
                "sha256:5abc4ee22340625ec401d6f11136afa387d377b7aa5dad475618ffce1f0d2e2f",
                "sha256:5b048a83b07fc869648460f2af1255e265326d75965157a165dde2d9ba64fa73",
                "sha256:5b9b6a8509415bc214d33f5828d7c700c80292ea25f9d9e8cba95ad5a74b3cdf",
                "sha256:5d32f3b28065e430d54781e1f3b31198b6bfc21e6d565f0c06218e7618884551",
                "sha256:5e17ea59115179c269c6daea52415faaf54c6340d4ad91d9012750845a445a13",
                "sha256:5fb90de8a279ce83797bcafbbfe6d641362c3c96148c17d8c8612dddb02744c5",
                "sha256:60440d583986e344119a15cea9e12099f3a07bdddc1c98ec2dda69e96429fb25",
                "sha256:606ba30bbdf06fc51b0a763760e113dea9085011a2399cf4b1f72316836e4d03",
                "sha256:684118d9e070e00df91bc4bd276e0559df7bb2319659699dafda16b5a0229553",
                "sha256:68ec2ef442621027f290cb5cef80962889d86fff3e405e5d21c7f9634d096bbf",
                "sha256:6b35f752d04c0828fb1877d9bee5d1786b2574ec3b1cba0533008aa1ff203712",
                "sha256:6bb77b3ade7f256ca5882450aaf129be79b11e074505b56c5997af5058a8f834",
                "sha256:727a679d19b18a0b4532abf87f9788070bcd94b78ff07135abe41c716bccbb7d",
                "sha256:73aed4856e672ab12769472cf7aece04b4a6813eb917390d22e58002576136e0",
                "sha256:748fbba6d9c04fc39b956b44ccde8eb14f34e21ab68a0f9965aae3fa5c8fdb5e",
                "sha256:760c964ff0be8dea5f7eda20314cf66238fdd0fec63f1ce9c474736bb2904924",
                "sha256:7664bcf9a12e62c672a926c4579f74689507beaa24378ad7664f0603b0dafd20",
                "sha256:7e992de09832ee11b35910c05c1581e8a9ab8ea9737c2f582c7eb540e2cdde69",
                "sha256:830a74b6a045a13e1b1d28af62af9878aeae8e7386f14888c84084d577b92771",
                "sha256:85220b27a47df4a5106ef13d43b6181d73da77d3f78646ec7251a0c5eb08ac40",
                "sha256:8541f1b7516290f6ccc3faac9aea681183c5d0b1f8078b957ae41dfbd5b93b58",
                "sha256:854a0962d6f5852b891b6b5789467d1e72b69722df1bc0dd85cbf70efeddc83f",
                "sha256:88b47fbabbd9cee8be5d6c26ac4d599dd66146628b9ca23d9f4f209c4e3e143e",
                "sha256:88d8a13cf310cfc893e3734f8e7e42ef20c52780506e9bdb96e76a8b75e3ba20",
                "sha256:89a0829637221ff0fd6ce63dfbe59e22b25eeba914d50e191519b9d9b8ccf3e9",
                "sha256:8b65b0b4e8b88e8326cdbfd3ec119953a0b10b514947f4bd03a4ed0fc58f6471",
                "sha256:8f91d0a5d3696e373cae08c80ec99a4ff041e562e55648ebe582725cba555190",
                "sha256:936320113eadd3d71d9ce371d9027b1c56299001b48ed197a0db4140e1d13bbd",
                "sha256:97d0841a2682a3c302f70537e8316077e56795062c6f629714f5d0771f7a5838",
                "sha256:98412a7bdc49c7fbb493be3c3e7fd2f874eff29ed636b8c0eca325a1e3e74264",
                "sha256:99b487f08c32530ee608e8aab0c4075048262a7f5a6e113bac495b05154ae427",
                "sha256:9a271d50643cf927bfc002d397b4f715abdbc6ca46a5a93d1d66a033eabaa5f3",
                "sha256:9fce199af18d459c8f19747501d1e852d86550162e7ccdc2c193b44e55d9bbfb",
                "sha256:9fdf67c10a5403b1668d1b6ade7744d20790367b10866d27394e64716992c3e4",
                "sha256:a0d567beb47cd403394bf241df8cfc14499279d0f3a6675f89b667249841aab1",
                "sha256:a591c94f7047d105c29630e7606a2b007f96cf98651fb93e9f820272b0361e02",
                "sha256:a6084fc909a218843bb55723fde64a8a58bac7e9086854c37134269b3f946aeb",
                "sha256:a689e6e0514f48a434e7ee44cc1eb29c34b21c51c57accb304eac97fba87bf48",
                "sha256:af1b70cac87c5627cd2227823318fa39c64fbfed686c8c3c2f713f72bc25813b",
                "sha256:b2080ee52aeac03854a0c6e73d4214d5be2120bdd5f16def4394f9fbc5666e04",
                "sha256:b4303024ffea56fd164a68f80f23df9e9158620593b7515c73c885285ec6a558",
                "sha256:b847f716fc314cf83d128fedc2c16ffdff5431a439db412465c4b0ac1762478e",
                "sha256:b8bc81d59205558326ac75c97e236fd72b8bcdf63fcdbfb7387bd63da242b209",
                "sha256:bccaf7f16b9da5edb608705edc3c38401e83ea0ff04c6375f25c6fc15e88f9b3",
                "sha256:c4250f507bb1b7501f7187af8345e200cbc1a58ceb3730bf4e3fdc371fe732c0",
                "sha256:c8a75233798e334fd53305656ffcf0601f60e9ff461af759677006c07c060939",
                "sha256:d36634491e06234672492715bc6ff7be61aeaf44822cb366dbbe9d924f2614cc",
                "sha256:d5739f513cb02039f970054eabeccc62696ed2a1afff6e17f75d5492a3ed8d74",
                "sha256:d6d07539502610ee8d6437a77840feedefa47044ab0f35cd3bc37adfc63753bd",
                "sha256:d8ba18720bafa4a65f07baba8c3228e98a6f8da7455de4ec58ae06de4ecdaea0",
                "sha256:da2063cee1fbecc09e1692e7c4de7624fd4c47a54ee7588b7ea20540f8f8d779",
                "sha256:da64e19e1ec0c1e8a1cd77c4802a0d656f8a6e0ab7a1479d435a9d2575e473f8",
                "sha256:de42400ea86e3e8be3dc7f9b3b9ed51da7fd06dc2f3a426d7effd7fbf35de848",
                "sha256:de7ccc31a471ea5bfafabe804c12a63e18b4511afc1014f23c3cc7be8c70d3bd",
                "sha256:df0704fd6a30a7c27c03655ae6dc77345c1655634fe59654e74bb06a3c7c1357",
                "sha256:e125c92cd0ac3b53c4c80fcf2890d89a1d19ff4979dc804031773bc90223859f",
                "sha256:e729781b6134a6e3b380a2d8eae0843a230fc3716bdc8bba4cde2b0ce260982b",
                "sha256:e7a626637c1d967e3e504ced353f89c2a9f6c8b4b4dbf348fdd3e1daa947a23c",
                "sha256:eb6dfba3264b38a3e95cac8e64f318ad4c27e2232f6c566a69b3b113115c06ef",
                "sha256:ecc8c12e710212c4d959fda3a52377ae6a30fa204822f2e63fd430e018be3d6f",
                "sha256:ef2e3e93ae612ac87c3a28f08e8544b707d67e99f9624e420762a7c275bb13c5",
                "sha256:f0a86394c9440e23a29f48f2bbc460de7b19950f46ec2bea3be8c2090839bb29",
                "sha256:f29cbd0c172a8fc1d51eaacd163bdc11596aded5a90db617e6b778c2258c7006",
                "sha256:f351694f65d4df48ee2578d977d37a0560bd3e8535e85dfe59df6abeed12bd6e",
                "sha256:f35b138bb698b29467627318af9258ec677e021e0816ae0da9b84f9164ed7518",
                "sha256:f91335f056b9a548070cb87b3e6cf017a18b27d34a83f222bdf46a5360615f11",
                "sha256:f956ad16cab9267c0e7d382a37b4baca6bf3bf1637a76fa95fdbf9dd3ea774d7",
                "sha256:fa8b65f483cdd3114d41736e0e9c3841e7ee6ac5861bae3d26e21e19faa229ff",
                "sha256:fb00ecae116e62801613788d8dc3938df26f582efce5a3d3320e9692575e7c4d",
                "sha256:fddda71ae372cd835ffd64990f0d0b160409e881bf8722b6c5dc15dc4239d7db",
                "sha256:fe2810c42cc5bca15eeb4a2eb192b1f74ceef6005876b1a166ecbde1defbd22d",
                "sha256:fe5c3b7d96a838d9d86bb4ec57495749965e598a3ea2c5b877a61aa09478bab7"
            ],
            "markers": "python_version >= '3.7'",
            "version": "==0.23.0"
        },
        "lxml": {
            "hashes": [
                "sha256:04da965dfebb5dac2619cb90fcf93efdb35b3c6994fea58a157a834f2f94b318",
                "sha256:0538747a9d7827ce3e16a8fdd201a99e661c7dee3c96c885d8ecba3c35d1032c",
                "sha256:0645e934e940107e2fdbe7c5b6fb8ec6232444260752598bc4d09511bd056c0b",
                "sha256:079b68f197c796e42aa80b1f739f058dcee796dc725cc9a1be0cdb08fc45b000",
                "sha256:0f3f0059891d3254c7b5fb935330d6db38d6519ecd238ca4fce93c234b4a0f73",
                "sha256:10d2017f9150248563bb579cd0d07c61c58da85c922b780060dcc9a3aa9f432d",
                "sha256:1355755b62c28950f9ce123c7a41460ed9743c699905cbe664a5bcc5c9c7c7fb",
                "sha256:13c90064b224e10c14dcdf8086688d3f0e612db53766e7478d7754703295c7c8",
                "sha256:1423631e3d51008871299525b541413c9b6c6423593e89f9c4cfbe8460afc0a2",
                "sha256:1436cf0063bba7888e43f1ba8d58824f085410ea2025befe81150aceb123e345",
                "sha256:1a7c59c6ffd6ef5db362b798f350e24ab2cfa5700d53ac6681918f314a4d3b94",
                "sha256:1e1cf47774373777936c5aabad489fef7b1c087dcd1f426b621fda9dcc12994e",
                "sha256:206a51077773c6c5d2ce1991327cda719063a47adc02bd703c56a662cdb6c58b",
                "sha256:21fb3d24ab430fc538a96e9fbb9b150029914805d551deeac7d7822f64631dfc",
                "sha256:27e590352c76156f50f538dbcebd1925317a0f70540f7dc8c97d2931c595783a",
                "sha256:287605bede6bd36e930577c5925fcea17cb30453d96a7b4c63c14a257118dbb9",
                "sha256:2aaf6a0a6465d39b5ca69688fce82d20088c1838534982996ec46633dc7ad6cc",
                "sha256:32a73c53783becdb7eaf75a2a1525ea8e49379fb7248c3eeefb9412123536387",
                "sha256:41fb58868b816c202e8881fd0f179a4644ce6e7cbbb248ef0283a34b73ec73bb",
                "sha256:4780677767dd52b99f0af1f123bc2c22873d30b474aa0e2fc3fe5e02217687c7",
                "sha256:4878e667ebabe9b65e785ac8da4d48886fe81193a84bbe49f12acff8f7a383a4",
                "sha256:487c8e61d7acc50b8be82bda8c8d21d20e133c3cbf41bd8ad7eb1aaeb3f07c97",
                "sha256:4beea0f31491bc086991b97517b9683e5cfb369205dac0148ef685ac12a20a67",
                "sha256:4cfbe42c686f33944e12f45a27d25a492cc0e43e1dc1da5d6a87cbcaf2e95627",
                "sha256:4d5bae0a37af799207140652a700f21a85946f107a199bcb06720b13a4f1f0b7",
                "sha256:4e285b5f2bf321fc0857b491b5028c5f276ec0c873b985d58d7748ece1d770dd",
                "sha256:57e4d637258703d14171b54203fd6822fda218c6c2658a7d30816b10995f29f3",
                "sha256:5974895115737a74a00b321e339b9c3f45c20275d226398ae79ac008d908bff7",
                "sha256:5ef87fca280fb15342726bd5f980f6faf8b84a5287fcc2d4962ea8af88b35130",
                "sha256:603a464c2e67d8a546ddaa206d98e3246e5db05594b97db844c2f0a1af37cf5b",
                "sha256:6653071f4f9bac46fbc30f3c7838b0e9063ee335908c5d61fb7a4a86c8fd2036",
                "sha256:6ca2264f341dd81e41f3fffecec6e446aa2121e0b8d026fb5130e02de1402785",
                "sha256:6d279033bf614953c3fc4a0aa9ac33a21e8044ca72d4fa8b9273fe75359d5cca",
                "sha256:6d949f53ad4fc7cf02c44d6678e7ff05ec5f5552b235b9e136bd52e9bf730b91",
                "sha256:6daa662aba22ef3258934105be2dd9afa5bb45748f4f702a3b39a5bf53a1f4dc",
                "sha256:6eafc048ea3f1b3c136c71a86db393be36b5b3d9c87b1c25204e7d397cee9536",
                "sha256:830c88747dce8a3e7525defa68afd742b4580df6aa2fdd6f0855481e3994d391",
                "sha256:86e92728ef3fc842c50a5cb1d5ba2bc66db7da08a7af53fb3da79e202d1b2cd3",
                "sha256:8caf4d16b31961e964c62194ea3e26a0e9561cdf72eecb1781458b67ec83423d",
                "sha256:8d1a92d8e90b286d491e5626af53afef2ba04da33e82e30744795c71880eaa21",
                "sha256:8f0a4d179c9a941eb80c3a63cdb495e539e064f8054230844dcf2fcb812b71d3",
                "sha256:9232b09f5efee6a495a99ae6824881940d6447debe272ea400c02e3b68aad85d",
                "sha256:927a9dd016d6033bc12e0bf5dee1dde140235fc8d0d51099353c76081c03dc29",
                "sha256:93e414e3206779ef41e5ff2448067213febf260ba747fc65389a3ddaa3fb8715",
                "sha256:98cafc618614d72b02185ac583c6f7796202062c41d2eeecdf07820bad3295ed",
                "sha256:9c3a88d20e4fe4a2a4a84bf439a5ac9c9aba400b85244c63a1ab7088f85d9d25",
                "sha256:9f36de4cd0c262dd9927886cc2305aa3f2210db437aa4fed3fb4940b8bf4592c",
                "sha256:a60f90bba4c37962cbf210f0188ecca87daafdf60271f4c6948606e4dabf8785",
                "sha256:a614e4afed58c14254e67862456d212c4dcceebab2eaa44d627c2ca04bf86837",
                "sha256:ae06c1e4bc60ee076292e582a7512f304abdf6c70db59b56745cca1684f875a4",
                "sha256:b122a188cd292c4d2fcd78d04f863b789ef43aa129b233d7c9004de08693728b",
                "sha256:b570da8cd0012f4af9fa76a5635cd31f707473e65a5a335b186069d5c7121ff2",
                "sha256:bcaa1c495ce623966d9fc8a187da80082334236a2a1c7e141763ffaf7a405067",
                "sha256:bd34f6d1810d9354dc7e35158aa6cc33456be7706df4420819af6ed966e85448",
                "sha256:be9eb06489bc975c38706902cbc6888f39e946b81383abc2838d186f0e8b6a9d",
                "sha256:c4b2e0559b68455c085fb0f6178e9752c4be3bba104d6e881eb5573b399d1eb2",
                "sha256:c62e8dd9754b7debda0c5ba59d34509c4688f853588d75b53c3791983faa96fc",
                "sha256:c852b1530083a620cb0de5f3cd6826f19862bafeaf77586f1aef326e49d95f0c",
                "sha256:d9fc0bf3ff86c17348dfc5d322f627d78273eba545db865c3cd14b3f19e57fa5",
                "sha256:dad7b164905d3e534883281c050180afcf1e230c3d4a54e8038aa5cfcf312b84",
                "sha256:e5f66bdf0976ec667fc4594d2812a00b07ed14d1b44259d19a41ae3fff99f2b8",
                "sha256:e8f0c9d65da595cfe91713bc1222af9ecabd37971762cb830dea2fc3b3bb2acf",
                "sha256:edffbe3c510d8f4bf8640e02ca019e48a9b72357318383ca60e3330c23aaffc7",
                "sha256:eea5d6443b093e1545ad0210e6cf27f920482bfcf5c77cdc8596aec73523bb7e",
                "sha256:ef72013e20dd5ba86a8ae1aed7f56f31d3374189aa8b433e7b12ad182c0d2dfb",
                "sha256:f05251bbc2145349b8d0b77c0d4e5f3b228418807b1ee27cefb11f69ed3d233b",
                "sha256:f1be258c4d3dc609e654a1dc59d37b17d7fef05df912c01fc2e15eb43a9735f3",
                "sha256:f9ced82717c7ec65a67667bb05865ffe38af0e835cdd78728f1209c8fffe0cad",
                "sha256:fe17d10b97fdf58155f858606bddb4e037b805a60ae023c009f760d8361a4eb8",
                "sha256:fe749b052bb7233fe5d072fcb549221a8cb1a16725c47c37e42b0b9cb3ff2c3f"
            ],
            "index": "pypi",
            "markers": "python_version >= '2.7' and python_version not in '3.0, 3.1, 3.2, 3.3, 3.4'",
            "version": "==4.9.1"
        },
        "python-levenshtein": {
            "hashes": [
                "sha256:156a0198cdcc659c90c8d3863d0ed3f4f0cf020608da71da52ac0f0746ef901a",
                "sha256:486a47b189e3955463107aa36b57fb1e2b3b40243b9cc2994cde9810c78195c0"
            ],
            "version": "==0.23.0"
        },
        "rapidfuzz": {
            "hashes": [
                "sha256:01013ee67fb15608c8c5961af3bc2b1f242cff94c19f53237c9b3f0edb8e0a2d",
                "sha256:01d64710060bc3241c08ac1f1a9012c7184f3f4c3d6e2eebb16c6093a03f6a67",
                "sha256:02afbe7ed12e9191082ed7bda43398baced1d9d805302b7b010d397de3ae973f",
                "sha256:0b9197656a6d71483959bf7d216e7fb7a6b80ca507433bcb3015fb92abc266f8",
                "sha256:0d8c6cb80b5d2edf88bf6a88ac6827a353c974405c2d7e3025ed9527a5dbe1a6",
                "sha256:0df66e07e42e2831fae84dea481f7803bec7cfa53c31d770e86ac47bb18dcd57",
                "sha256:124578029d926b2be32d60b748be95ee0de6cb2753eb49d6d1d6146269b428b9",
                "sha256:1276c7f50cd90a48b00084feb25256135c9ace6c599295dd5932949ec30c0e70",
                "sha256:1438e68fe8869fe6819a313140e98641b34bfc89234b82486d8fd02044a067e8",
                "sha256:1a733c10b1fcc47f837c23ab4a255cc4021a88939ff81baa64d6738231cba33d",
                "sha256:1bafbd3e2e9e0b5f740f66155cc7e1e23eee1e1f2c44eff12daf14f90af0e8ab",
                "sha256:1ebee7313719dfe652debb74bdd4024e8cf381a59adc6d065520ff927f3445f4",
                "sha256:233bf022938c38060a93863ec548e624d69a56d7384634d8bea435b915b88e52",
                "sha256:23b07685c21c93cdf6d68b49eccacfe975651b8d99ea8a02687400c60315e5bc",
                "sha256:2543fd8d0fb3b1ac065bf94ee54c0ea33343c62481d8e54b6117a88c92c9b721",
                "sha256:273c7c7f5b405f2f54d41e805883572d57e1f0a56861f93ca5a6733672088acb",
                "sha256:28d03cd33817f6e0bea9b618b460f85ff9c9c3fedc6c19cfa0992f719a0d1801",
                "sha256:2e49151572b842d290dcee2cc6f9ce7a7b40b77cc20d0f6d6b54e7afb7bafa5c",
                "sha256:3456f4df5b8800315fd161045c996479016c112228e4da370d09ed80c24853e5",
                "sha256:37d5f0fbad6c092c89840eea2c4c845564d40849785de74c5e6ff48b47b0ecf6",
                "sha256:3af0384132e79fe6f6370d49347649382e04f689277525903bef84d30f3992fd",
                "sha256:3db79070888d0dcd4f6a20fd30b8184dd975d6b0f7818acff5d7e07eba19b71f",
                "sha256:437508ec1ea6e71a77126715ac6208cb9c3e74272536ebfa79be9dd008cfb85f",
                "sha256:46efc5e4675e2bd5118427513f86eaf3689e1482ebd309ad4532bcefae78179d",
                "sha256:4fd94acab871afbc845400814134a83512a711e824dc2c9a9776d6123464a221",
                "sha256:50ad7bac98a0f00492687eddda73d2c0bdf71c78b52fddaa5901634ae323d3ce",
                "sha256:51d47d52c890cbdb2d8b2085d747e557f15efd9c990cb6ae624c8f6948c4aa3a",
                "sha256:52c6b7a178f0e800488fa1aede17b00f6397cab0b79d48531504b0d89e45315f",
                "sha256:53bbef345644eac1c2d7cc21ade4fe9554fa289f60eb2c576f7fdc454dbc0641",
                "sha256:55efb3231bb954f3597313ebdf104289b8d139d5429ad517051855f84e12b94e",
                "sha256:59f851c7a54a9652b9598553547e0940244bfce7c9b672bac728efa0b9028d03",
                "sha256:5b9a7ab061c1b75b274fc2ebd1d29cfa2e510c36e2f4cd9518a6d56d589003c8",
                "sha256:5fe3ef7daecd79f852936528e37528fd88818bc000991e0fea23b9ac5b79e875",
                "sha256:61f16bb0f3026853500e7968261831a2e1a35d56947752bb6cf6953afd70b9de",
                "sha256:6286510910fcd649471a7f5b77fcc971e673729e7c84216dbf321bead580d5a1",
                "sha256:63933792146f3d333680d415cecc237e6275b42ad948d0a798f9a81325517666",
                "sha256:66ff93b81b382269dc7c2d46c839ce72e2d2331ad46a06321770bc94016fe236",
                "sha256:698488002eb7be2f737e48679ed0cd310b76291f26d8ec792db8345d13eb6573",
                "sha256:6b8258846e56b03230fa733d29bb4f9fb1f4790ac97d1ebe9faa3ff9d2850999",
                "sha256:6d38596c804a9f2bd49360c15e1f4afbf016f181fe37fc4f1a4ddd247d3e91e5",
                "sha256:6f5c8b901b6d3be63591c68e2612f76ad85af27193d0a88d4d87bb047aeafcb3",
                "sha256:712dd91d429afaddbf7e86662155f2ad9bc8135fca5803a01035a3c1d76c5977",
                "sha256:734046d557550589edb83d5ad1468a1341d1092f1c64f26fd0b1fc50f9efdce1",
                "sha256:74b9a1c1fc139d325fb0b89ccc85527d27096a76f6ed690ee3378143cc38e91d",
                "sha256:75d1365387ec8ef2128fd7e2f7436aa1a04a1953bc6d7068835bb769cd07c146",
                "sha256:76f4162ce5fe08609455d318936ed4aa709f40784be61fb4e200a378137b0230",
                "sha256:7f497f850d46c5e08f3340343842a28ede5d3997e5d1cadbd265793cf47417e5",
                "sha256:805dc2aa3ac295dcbf2df8c1e420e8a73b1f632d6820a5a1c8506d22c11e0f27",
                "sha256:83387fb81c4c0234b199110655779762dd5982cdf9de4f7c321110713193133e",
                "sha256:87409e12f9a82aa33a5b845c49dd8d5d4264f2f171f0a69ddc638e100fcc50de",
                "sha256:8756461e7ee79723b8f762fc6db226e65eb453bf9fa64b14fc0274d4aaaf9e21",
                "sha256:8b38d7677b2f20b137bb7aaf0dcd3d8ac2a2cde65f09f5621bf3f57d9a1e5d6e",
                "sha256:8eb33895353bfcc33ccf4b4bae837c0afb4eaf20a0361aa6f0800cef12505e91",
                "sha256:8f5d2adc48c181486125d42230e80479a1e0568942e883d1ebdeb76cd3f83470",
                "sha256:929e6b71e5b36caee2ee11c209e75a0fcbd716a1b76ae6162b89ee9b591b63b1",
                "sha256:93ceb62ade1a0e62696487274002157a58bb751fc82cd25016fc5523ba558ca5",
                "sha256:950d1dfd2927cd45c9bb2927933926718f0a17792841e651d42f4d1cb04a5c1d",
                "sha256:9814905414696080d8448d6e6df788a0148954ab34d7cd8d75bcb85ba30e0b25",
                "sha256:9e1142c8d35fa6f3af8150d02ff8edcbea3723c851d889e8b2172e0d1b99f3f7",
                "sha256:9f295842c282fe7fe93bfe7a20e78f33f43418f47fb601f2f0a05df8a8282b43",
                "sha256:a0750278693525b5ce58d3b313e432dfa5d90f00d06ae54fa8cde87f2a397eb0",
                "sha256:a716efcfc92659d8695291f07da4fa60f42a131dc4ceab583931452dd5662e92",
                "sha256:a7215f7c5de912b364d5cf7c4c66915ccf4acf71aafbb8da62ad346569196e15",
                "sha256:a74112e2126b428c77db5e96f7ce34e91e750552147305b2d361122cbede2955",
                "sha256:a7d6a9f04ea1277add8943d4e144e59215009f54f2668124ff26dee18a875343",
                "sha256:a80f9aa4245a49e0677896d1b51b2b3bc36472aff7cec31c4a96f789135f03fe",
                "sha256:ab981f9091ae8bd32bca9289fa1019b4ec656543489e7e13e64882d57d989282",
                "sha256:b05c7d4b4ddb617e977d648689013e50e5688140ee03538d3760a3a11d4fa8a2",
                "sha256:b38c7021f6114cfacba5717192fb3e1e50053261d49a774e645021a2f77e20a3",
                "sha256:b6fe2aff0d9b35191701714e05afe08f79eaea376a3a6ca802b72d9e5b48b545",
                "sha256:b81b8bc29114ca861fed23da548a837832b85495b0c1b2600e6060e3cf4d50aa",
                "sha256:bbb05b1203f683b341f44ebe8fe38afed6e56f606094f9840d6406e4a7bf0eab",
                "sha256:bd10d68baabb63a3bb36b683f98fc481fcc62230e493e4b31e316bd5b299ef68",
                "sha256:bd50bc90167601963e2a90b820fb862d239ecb096a991bf3ce33ffaa1d6eedee",
                "sha256:bf58ba21df06fc8aeef3056fd137eca0a593c2f5c82923a4524d251dc5f3df5d",
                "sha256:bfe14711b9a7b744e242a482c6cabb696517a1a9946fc1e88d353cd3eb384788",
                "sha256:c006aa481d1b91c2600920ce16e42d208a4b6f318d393aef4dd2172d568f2641",
                "sha256:c0150d521199277b5ad8bd3b060a5f3c1dbdf11df0533b4d79f458ef11d07e8c",
                "sha256:c2a564f748497b6a5e08a1dc0ac06655f65377cf072c4f0e2c73818acc655d36",
                "sha256:c56073ba1d1b25585359ad9769163cb2f3183e7a03c03b914a0667fcbd95dc5c",
                "sha256:c67f5ced39aff6277dd772b239ef8aa8fc810200a3b42f69ddbb085ea0e18232",
                "sha256:c7f4f6dac25c120de8845a65a97090658c8a976827ac22b6b86e2a16a60bb820",
                "sha256:c92d847c997c384670e3b4cf6727cb73a4d7a7ba6457310e2083cf06d56013c4",
                "sha256:cc3efc06db79e818f4a6783a4e001b3c8b2c61bd05c0d5c4d333adaf64ed1b34",
                "sha256:cfdc74afd93ac71270b5be5c25cb864b733b9ae32b07495705a6ac294ac4c390",
                "sha256:d0bda173b0ec1fa546f123088c0d42c9096304771b4c0555d4e08a66a246b3f6",
                "sha256:d15c364c5aa8f032dadf5b82fa02b7a4bd9688a961a27961cd5b985203f58037",
                "sha256:d188e8fb5a9709931c6a48cc62c4ac9b9d163969333711e426d9dbd134c1489b",
                "sha256:d1d81d380ceabc8297880525c9d8b9e93fead38d3d2254e558c36c18aaf2553f",
                "sha256:d3198f70b97127e52a4f96bb2f7de447f89baa338ff398eb126930c8e3137ad1",
                "sha256:d904ac97f2e370f91e8170802669c8ad68641bf84d742968416b53c5960410c6",
                "sha256:da2764604a31fd1e3f1cacf226b43a871cc9f28844a3196c2a6b1ba52ae12922",
                "sha256:dd54dd0355225dc3c1d55e233d510adcccee9bb25d656b4cf1136114b92e7bf3",
                "sha256:e14799297f194a4480f373e45142ef16d5dc68a42084c0e2018e0bdba56a8fef",
                "sha256:e182ea5c809e7ed36ebfbcef4bb1808e213d27b33c036007a33bcbb7ba498356",
                "sha256:e77873126eb07e7461f0b675263e6c5d42c8a952e88e4a44eeff96f237b2b024",
                "sha256:ed0d5761b44d9dd87278d5c32903bb55632346e4d84ea67ba2e4a84afc3b7d45",
                "sha256:ed3da08830c08c8bcd49414cc06b704a760d3067804775facc0df725b52085a4",
                "sha256:ef30b5f2720f0acbcfba0e0661a4cc118621c47cf69b5fe92531dfed1e369e1c",
                "sha256:f0075ff8990437923da42202b60cf04b5c122ee2856f0cf2344fb890cadecf57",
                "sha256:f1e91460baa42f5408f3c062913456a24b2fc1a181959b58a9c06b5eef700ca6",
                "sha256:f3effbe9c677658b3149da0d2778a740a6b7d8190c1407fd0c0770a4e223cfe0",
                "sha256:f5921780e7995e9ac3cea41fa57b623159d7295788618d3f2946d61328c25c25",
                "sha256:f71454249ddd29d8ba5415ed7307e7b7493fc7e9018f1ff496127b8b9a8df94b",
                "sha256:f723197f2dbce508a7030dcf6d3fc940117aa54fc876021bf6f6feeaf3825ba1",
                "sha256:f7f5ea97886d2ec7b2b9a8172812a76e1d243f2ce705c2f24baf46f9ef5d3951",
                "sha256:f813fb663d90038c1171d30ea1b6b275e09fced32f1d12b972c6045d9d4233f2",
                "sha256:fc4b1b69a64d337c40fa07a721dae1b1550d90f17973fb348055f6440d597e26"
            ],
            "markers": "python_version >= '3.7'",
            "version": "==3.4.0"
        },
        "requests": {
            "hashes": [
                "sha256:dd951ff5ecf3e3b3aa26b40703ba77495dab41da839ae72ef3c8e5d8e2433289",
                "sha256:fc06670dd0ed212426dfeb94fc1b983d917c4f9847c863f313c9dfaaffb7c23c"
            ],
            "index": "pypi",
            "markers": "python_version >= '3.8'",
            "version": "==2.32.2"
        },
        "rfc3986": {
            "extras": [
                "idna2008"
            ],
            "hashes": [
                "sha256:270aaf10d87d0d4e095063c65bf3ddbc6ee3d0b226328ce21e036f946e421835",
                "sha256:a86d6e1f5b1dc238b218b012df0aa79409667bb209e58da56d0b94704e712a97"
            ],
            "version": "==1.5.0"
        },
        "selenium": {
            "hashes": [
                "sha256:2d7131d7bc5a5b99a2d9b04aaf2612c411b03b8ca1b1ee8d3de5845a9be2cb3c",
                "sha256:deaf32b60ad91a4611b98d8002757f29e6f2c2d5fcaf202e1c9ad06d6772300d"
            ],
            "index": "pypi",
            "version": "==3.141.0"
        },
        "sniffio": {
            "hashes": [
                "sha256:e60305c5e5d314f5389259b7f22aaa33d8f7dee49763119234af3755c55b9101",
                "sha256:eecefdce1e5bbfb7ad2eeaabf7c1eeb404d7757c379bd1f7e5cce9d8bf425384"
            ],
            "markers": "python_version >= '3.7'",
            "version": "==1.3.0"
        },
        "stop-words": {
            "hashes": [
                "sha256:6df3ad5f5de697daa437e4445c86c73604e6bc138dd0dc0fac55664aa4e6b03e"
            ],
            "index": "pypi",
            "version": "==2018.7.23"
        },
        "urllib3": {
            "extras": [
                "socks"
            ],
            "hashes": [
                "sha256:1cee9ad369867bfdbbb48b7dd50374c0967a0bb7710050facf0dd6911440e3df",
                "sha256:f8c5449b3cf0861679ce7e0503c7b44b5ec981bec0d1d3795a07f1ba96f0204d"
            ],
            "markers": "python_version >= '3.9'",
            "version": "==2.3.0"
        }
    },
    "develop": {}
}
