{
    "_meta": {
        "hash": {
            "sha256": "084fa5dc8709162eff5c86027437387494fd2ede5afcda439358ecadd8678fa5"
        },
        "pipfile-spec": 6,
        "requires": {
            "python_version": "3.9"
        },
        "sources": [
            {
                "name": "pypi",
                "url": "https://pypi.org/simple",
                "verify_ssl": true
            }
        ]
    },
    "default": {
        "anyio": {
            "hashes": [
                "sha256:44a3c9aba0f5defa43261a8b3efb97891f2bd7d804e0e1f56419befa1adfc780",
                "sha256:91dee416e570e92c64041bd18b900d1d6fa78dff7048769ce5ac5ddad004fbb5"
            ],
            "markers": "python_version >= '3.7'",
            "version": "==3.7.1"
        },
        "certifi": {
            "hashes": [
                "sha256:5a1e7645bc0ec61a09e26c36f6106dd4cf40c6db3a1fb6352b0244e7fb057c7b",
                "sha256:c198e21b1289c2ab85ee4e67bb4b4ef3ead0892059901a8d5b622f24a1101e90"
            ],
            "index": "pypi",
            "markers": "python_version >= '3.6'",
            "version": "==2024.7.4"
        },
        "chardet": {
            "hashes": [
                "sha256:0d6f53a15db4120f2b08c94f11e7d93d2c911ee118b6b30a04ec3ee8310179fa",
                "sha256:f864054d66fd9118f2e67044ac8981a54775ec5b67aed0441892edb553d21da5"
            ],
            "index": "pypi",
            "markers": "python_version >= '2.7' and python_version not in '3.0, 3.1, 3.2, 3.3, 3.4'",
            "version": "==4.0.0"
        },
        "charset-normalizer": {
            "hashes": [
                "sha256:02673e456dc5ab13659f85196c534dc596d4ef260e4d86e856c3b2773ce09843",
                "sha256:02af06682e3590ab952599fbadac535ede5d60d78848e555aa58d0c0abbde786",
                "sha256:03680bb39035fbcffe828eae9c3f8afc0428c91d38e7d61aa992ef7a59fb120e",
                "sha256:0570d21da019941634a531444364f2482e8db0b3425fcd5ac0c36565a64142c8",
                "sha256:09c77f964f351a7369cc343911e0df63e762e42bac24cd7d18525961c81754f4",
                "sha256:0d3d5b7db9ed8a2b11a774db2bbea7ba1884430a205dbd54a32d61d7c2a190fa",
                "sha256:1063da2c85b95f2d1a430f1c33b55c9c17ffaf5e612e10aeaad641c55a9e2b9d",
                "sha256:12ebea541c44fdc88ccb794a13fe861cc5e35d64ed689513a5c03d05b53b7c82",
                "sha256:153e7b6e724761741e0974fc4dcd406d35ba70b92bfe3fedcb497226c93b9da7",
                "sha256:15b26ddf78d57f1d143bdf32e820fd8935d36abe8a25eb9ec0b5a71c82eb3895",
                "sha256:1872d01ac8c618a8da634e232f24793883d6e456a66593135aeafe3784b0848d",
                "sha256:187d18082694a29005ba2944c882344b6748d5be69e3a89bf3cc9d878e548d5a",
                "sha256:1b2919306936ac6efb3aed1fbf81039f7087ddadb3160882a57ee2ff74fd2382",
                "sha256:232ac332403e37e4a03d209a3f92ed9071f7d3dbda70e2a5e9cff1c4ba9f0678",
                "sha256:23e8565ab7ff33218530bc817922fae827420f143479b753104ab801145b1d5b",
                "sha256:24817cb02cbef7cd499f7c9a2735286b4782bd47a5b3516a0e84c50eab44b98e",
                "sha256:249c6470a2b60935bafd1d1d13cd613f8cd8388d53461c67397ee6a0f5dce741",
                "sha256:24a91a981f185721542a0b7c92e9054b7ab4fea0508a795846bc5b0abf8118d4",
                "sha256:2502dd2a736c879c0f0d3e2161e74d9907231e25d35794584b1ca5284e43f596",
                "sha256:250c9eb0f4600361dd80d46112213dff2286231d92d3e52af1e5a6083d10cad9",
                "sha256:278c296c6f96fa686d74eb449ea1697f3c03dc28b75f873b65b5201806346a69",
                "sha256:2935ffc78db9645cb2086c2f8f4cfd23d9b73cc0dc80334bc30aac6f03f68f8c",
                "sha256:2f4a0033ce9a76e391542c182f0d48d084855b5fcba5010f707c8e8c34663d77",
                "sha256:30a85aed0b864ac88309b7d94be09f6046c834ef60762a8833b660139cfbad13",
                "sha256:380c4bde80bce25c6e4f77b19386f5ec9db230df9f2f2ac1e5ad7af2caa70459",
                "sha256:3ae38d325b512f63f8da31f826e6cb6c367336f95e418137286ba362925c877e",
                "sha256:3b447982ad46348c02cb90d230b75ac34e9886273df3a93eec0539308a6296d7",
                "sha256:3debd1150027933210c2fc321527c2299118aa929c2f5a0a80ab6953e3bd1908",
                "sha256:4162918ef3098851fcd8a628bf9b6a98d10c380725df9e04caf5ca6dd48c847a",
                "sha256:468d2a840567b13a590e67dd276c570f8de00ed767ecc611994c301d0f8c014f",
                "sha256:4cc152c5dd831641e995764f9f0b6589519f6f5123258ccaca8c6d34572fefa8",
                "sha256:542da1178c1c6af8873e143910e2269add130a299c9106eef2594e15dae5e482",
                "sha256:557b21a44ceac6c6b9773bc65aa1b4cc3e248a5ad2f5b914b91579a32e22204d",
                "sha256:5707a746c6083a3a74b46b3a631d78d129edab06195a92a8ece755aac25a3f3d",
                "sha256:588245972aca710b5b68802c8cad9edaa98589b1b42ad2b53accd6910dad3545",
                "sha256:5adf257bd58c1b8632046bbe43ee38c04e1038e9d37de9c57a94d6bd6ce5da34",
                "sha256:619d1c96099be5823db34fe89e2582b336b5b074a7f47f819d6b3a57ff7bdb86",
                "sha256:63563193aec44bce707e0c5ca64ff69fa72ed7cf34ce6e11d5127555756fd2f6",
                "sha256:67b8cc9574bb518ec76dc8e705d4c39ae78bb96237cb533edac149352c1f39fe",
                "sha256:6a685067d05e46641d5d1623d7c7fdf15a357546cbb2f71b0ebde91b175ffc3e",
                "sha256:70f1d09c0d7748b73290b29219e854b3207aea922f839437870d8cc2168e31cc",
                "sha256:750b446b2ffce1739e8578576092179160f6d26bd5e23eb1789c4d64d5af7dc7",
                "sha256:7966951325782121e67c81299a031f4c115615e68046f79b85856b86ebffc4cd",
                "sha256:7b8b8bf1189b3ba9b8de5c8db4d541b406611a71a955bbbd7385bbc45fcb786c",
                "sha256:7f5d10bae5d78e4551b7be7a9b29643a95aded9d0f602aa2ba584f0388e7a557",
                "sha256:805dfea4ca10411a5296bcc75638017215a93ffb584c9e344731eef0dcfb026a",
                "sha256:81bf654678e575403736b85ba3a7867e31c2c30a69bc57fe88e3ace52fb17b89",
                "sha256:82eb849f085624f6a607538ee7b83a6d8126df6d2f7d3b319cb837b289123078",
                "sha256:85a32721ddde63c9df9ebb0d2045b9691d9750cb139c161c80e500d210f5e26e",
                "sha256:86d1f65ac145e2c9ed71d8ffb1905e9bba3a91ae29ba55b4c46ae6fc31d7c0d4",
                "sha256:86f63face3a527284f7bb8a9d4f78988e3c06823f7bea2bd6f0e0e9298ca0403",
                "sha256:8eaf82f0eccd1505cf39a45a6bd0a8cf1c70dcfc30dba338207a969d91b965c0",
                "sha256:93aa7eef6ee71c629b51ef873991d6911b906d7312c6e8e99790c0f33c576f89",
                "sha256:96c2b49eb6a72c0e4991d62406e365d87067ca14c1a729a870d22354e6f68115",
                "sha256:9cf3126b85822c4e53aa28c7ec9869b924d6fcfb76e77a45c44b83d91afd74f9",
                "sha256:9fe359b2e3a7729010060fbca442ca225280c16e923b37db0e955ac2a2b72a05",
                "sha256:a0ac5e7015a5920cfce654c06618ec40c33e12801711da6b4258af59a8eff00a",
                "sha256:a3f93dab657839dfa61025056606600a11d0b696d79386f974e459a3fbc568ec",
                "sha256:a4b71f4d1765639372a3b32d2638197f5cd5221b19531f9245fcc9ee62d38f56",
                "sha256:aae32c93e0f64469f74ccc730a7cb21c7610af3a775157e50bbd38f816536b38",
                "sha256:aaf7b34c5bc56b38c931a54f7952f1ff0ae77a2e82496583b247f7c969eb1479",
                "sha256:abecce40dfebbfa6abf8e324e1860092eeca6f7375c8c4e655a8afb61af58f2c",
                "sha256:abf0d9f45ea5fb95051c8bfe43cb40cda383772f7e5023a83cc481ca2604d74e",
                "sha256:ac71b2977fb90c35d41c9453116e283fac47bb9096ad917b8819ca8b943abecd",
                "sha256:ada214c6fa40f8d800e575de6b91a40d0548139e5dc457d2ebb61470abf50186",
                "sha256:b09719a17a2301178fac4470d54b1680b18a5048b481cb8890e1ef820cb80455",
                "sha256:b1121de0e9d6e6ca08289583d7491e7fcb18a439305b34a30b20d8215922d43c",
                "sha256:b3b2316b25644b23b54a6f6401074cebcecd1244c0b8e80111c9a3f1c8e83d65",
                "sha256:b3d9b48ee6e3967b7901c052b670c7dda6deb812c309439adaffdec55c6d7b78",
                "sha256:b5bcf60a228acae568e9911f410f9d9e0d43197d030ae5799e20dca8df588287",
                "sha256:b8f3307af845803fb0b060ab76cf6dd3a13adc15b6b451f54281d25911eb92df",
                "sha256:c2af80fb58f0f24b3f3adcb9148e6203fa67dd3f61c4af146ecad033024dde43",
                "sha256:c350354efb159b8767a6244c166f66e67506e06c8924ed74669b2c70bc8735b1",
                "sha256:c5a74c359b2d47d26cdbbc7845e9662d6b08a1e915eb015d044729e92e7050b7",
                "sha256:c71f16da1ed8949774ef79f4a0260d28b83b3a50c6576f8f4f0288d109777989",
                "sha256:d47ecf253780c90ee181d4d871cd655a789da937454045b17b5798da9393901a",
                "sha256:d7eff0f27edc5afa9e405f7165f85a6d782d308f3b6b9d96016c010597958e63",
                "sha256:d97d85fa63f315a8bdaba2af9a6a686e0eceab77b3089af45133252618e70884",
                "sha256:db756e48f9c5c607b5e33dd36b1d5872d0422e960145b08ab0ec7fd420e9d649",
                "sha256:dc45229747b67ffc441b3de2f3ae5e62877a282ea828a5bdb67883c4ee4a8810",
                "sha256:e0fc42822278451bc13a2e8626cf2218ba570f27856b536e00cfa53099724828",
                "sha256:e39c7eb31e3f5b1f88caff88bcff1b7f8334975b46f6ac6e9fc725d829bc35d4",
                "sha256:e46cd37076971c1040fc8c41273a8b3e2c624ce4f2be3f5dfcb7a430c1d3acc2",
                "sha256:e5c1502d4ace69a179305abb3f0bb6141cbe4714bc9b31d427329a95acfc8bdd",
                "sha256:edfe077ab09442d4ef3c52cb1f9dab89bff02f4524afc0acf2d46be17dc479f5",
                "sha256:effe5406c9bd748a871dbcaf3ac69167c38d72db8c9baf3ff954c344f31c4cbe",
                "sha256:f0d1e3732768fecb052d90d62b220af62ead5748ac51ef61e7b32c266cac9293",
                "sha256:f5969baeaea61c97efa706b9b107dcba02784b1601c74ac84f2a532ea079403e",
                "sha256:f8888e31e3a85943743f8fc15e71536bda1c81d5aa36d014a3c0c44481d7db6e",
                "sha256:fc52b79d83a3fe3a360902d3f5d79073a993597d48114c29485e9431092905d8"
            ],
            "markers": "python_full_version >= '3.7.0'",
            "version": "==3.3.0"
        },
        "exceptiongroup": {
            "hashes": [
                "sha256:097acd85d473d75af5bb98e41b61ff7fe35efe6675e4f9370ec6ec5126d160e9",
                "sha256:343280667a4585d195ca1cf9cef84a4e178c4b6cf2274caef9859782b567d5e3"
            ],
            "markers": "python_version < '3.11'",
            "version": "==1.1.3"
        },
        "fuzzywuzzy": {
            "extras": [
                "speedup"
            ],
            "hashes": [
                "sha256:45016e92264780e58972dca1b3d939ac864b78437422beecebb3095f8efd00e8",
                "sha256:928244b28db720d1e0ee7587acf660ea49d7e4c632569cad4f1cd7e68a5f0993"
            ],
            "version": "==0.18.0"
        },
        "h11": {
            "hashes": [
                "sha256:36a3cb8c0a032f56e2da7084577878a035d3b61d104230d4bd49c0c6b555a9c6",
                "sha256:47222cb6067e4a307d535814917cd98fd0a57b6788ce715755fa2b6c28b56042"
            ],
            "markers": "python_version >= '3.6'",
            "version": "==0.12.0"
        },
        "httpcore": {
            "hashes": [
                "sha256:1105b8b73c025f23ff7c36468e4432226cbb959176eab66864b8e31c4ee27fa6",
                "sha256:18b68ab86a3ccf3e7dc0f43598eaddcf472b602aba29f9aa6ab85fe2ada3980b"
            ],
            "markers": "python_version >= '3.7'",
            "version": "==0.15.0"
        },
        "httpx": {
            "hashes": [
                "sha256:42974f577483e1e932c3cdc3cd2303e883cbfba17fe228b0f63589764d7b9c4b",
                "sha256:f28eac771ec9eb4866d3fb4ab65abd42d38c424739e80c08d8d20570de60b0ef"
            ],
            "index": "pypi",
            "markers": "python_version >= '3.7'",
            "version": "==0.23.0"
        },
        "idna": {
            "hashes": [
                "sha256:814f528e8dead7d329833b91c5faa87d60bf71824cd12a7530b5526063d02cb4",
                "sha256:90b77e79eaa3eba6de819a0c442c0b4ceefc341a7a2ab77d7562bf49f425c5c2"
            ],
            "markers": "python_version >= '3.5'",
            "version": "==3.4"
        },
        "levenshtein": {
            "hashes": [
                "sha256:0033a243510e829ead1ae62720389c9f17d422a98c0525da593d239a9ff434e5",
                "sha256:039dc7323fd28de44d6c13a334a34ab1ddee598762cb2dae3223ca1f083577f9",
                "sha256:078bb87ea32a28825900f5d29ba2946dc9cf73094dfed4ba5d70f042f2435609",
                "sha256:0ab52358f54ee48ad7656a773a0c72ef89bb9ba5acc6b380cfffd619fb223a23",
                "sha256:0acaae1c20c8ed37915b0cde14b5c77d5a3ba08e05f9ce4f55e16843de9c7bb8",
                "sha256:0d2f608c5ce7b9a0a0af3c910f43ea7eb060296655aa127b10e4af7be5559303",
                "sha256:0ece1d077d9006cff329bb95eb9704f407933ff4484e5d008a384d268b993439",
                "sha256:10b980dcc865f8fe04723e448fac4e9a32cbd21fb41ab548725a2d30d9a22429",
                "sha256:14c5f90859e512004cc25b50b79c7ae6f068ebe69a7213a9018c83bd88c1305b",
                "sha256:151046d1c70bdf01ede01f46467c11151ceb9c86fefaf400978b990110d0a55e",
                "sha256:1772c4491f6ef6504e591c0dd60e1e418b2015074c3d56ee93af6b1a019906ee",
                "sha256:1a5e3461d29b3188518464bd3121fc64635ff884ae544147b5d326ce13c50d36",
                "sha256:1e13857d870048ff58ce95c8eb32e10285918ee74e1c9bf1825af08dd49b0bc6",
                "sha256:20f79946481052bbbee5284c755aa0a5feb10a344d530e014a50cb9544745dd3",
                "sha256:249eaa351b5355b3e3ca7e3a8e2a0bca7bff4491c89a0b0fa3b9d0614cf3efeb",
                "sha256:26b468455f29fb255b62c22522026985cb3181a02e570c8b37659fedb1bc0170",
                "sha256:2a3801a0463791440b4350b734e4ec0dbc140b675a3ce9ef936feed06b23c58d",
                "sha256:2c32f86bb54b9744c95c27b5398f108158cc6a87c5dbb3ad5a344634bf9b07d3",
                "sha256:2d3229c1336498c2b72842dd4c850dff1040588a5468abe5104444a372c1a573",
                "sha256:2d3f2b8e67915268c49f0faa29a29a8c26811a4b46bd96dd043bc8557428065d",
                "sha256:2f8c8c48217b2733ae5bd8ef14e0ad730a30d113c84dc2cfc441435ef900732b",
                "sha256:34859c5ff7261f25daea810b5439ad80624cbb9021381df2c390c20eb75b79c6",
                "sha256:3497eda857e70863a090673a82442877914c57b5f04673c782642e69caf25c0c",
                "sha256:35ce82403730dd2a3b397abb2535786af06835fcf3dc40dc8ea67ed589bbd010",
                "sha256:3789e4aeaeb830d944e1f502f9aa9024e9cd36b68d6eba6892df7972b884abd7",
                "sha256:3dc62b2f74e4050f0a1261a34e11fd9e7c6d80a45679c0e02ac452b16fda7b34",
                "sha256:48c8388a321e55c1feeef543b49fc969be6a5cf6bcf4dcb5dced82f5fea6793c",
                "sha256:4a88aa3b5f49aeca08080b6c3fa7e1095d939eafb13f42dbe8f1b27ff405fd43",
                "sha256:4be0e5e742f6a299acf7aa8d2e5cfca946bcff224383fd451d894e79499f0a46",
                "sha256:4d3b9c9e2852eca20de6bd8ca7f47d817a056993fd4927a4d50728b62315376b",
                "sha256:4e93dbfdf08360b4261a2385340d26ac491a1bf9bd17bf22a59636705d2d6479",
                "sha256:5106bce4e94bc1ae137b50d1e5f49b726997be879baf66eafc6ee365adec3db5",
                "sha256:549170257f052289df93a13526877cb397d351b0c8a3e4c9ae3936aeafd8ad17",
                "sha256:54a51036b02222912a029a6efa2ce1ee2be49c88e0bb32995e0999feba183913",
                "sha256:58f8b8f5d4348e470e8c0d4e9f7c23a8f7cfc3cbd8024cc5a1fc68cc81f7d6cb",
                "sha256:5a61606bad3afb9fcec0a2a21871319c3f7da933658d2e0e6e55ab4a34814f48",
                "sha256:5abc4ee22340625ec401d6f11136afa387d377b7aa5dad475618ffce1f0d2e2f",
                "sha256:5b048a83b07fc869648460f2af1255e265326d75965157a165dde2d9ba64fa73",
                "sha256:5b9b6a8509415bc214d33f5828d7c700c80292ea25f9d9e8cba95ad5a74b3cdf",
                "sha256:5d32f3b28065e430d54781e1f3b31198b6bfc21e6d565f0c06218e7618884551",
                "sha256:5e17ea59115179c269c6daea52415faaf54c6340d4ad91d9012750845a445a13",
                "sha256:5fb90de8a279ce83797bcafbbfe6d641362c3c96148c17d8c8612dddb02744c5",
                "sha256:60440d583986e344119a15cea9e12099f3a07bdddc1c98ec2dda69e96429fb25",
                "sha256:606ba30bbdf06fc51b0a763760e113dea9085011a2399cf4b1f72316836e4d03",
                "sha256:684118d9e070e00df91bc4bd276e0559df7bb2319659699dafda16b5a0229553",
                "sha256:68ec2ef442621027f290cb5cef80962889d86fff3e405e5d21c7f9634d096bbf",
                "sha256:6b35f752d04c0828fb1877d9bee5d1786b2574ec3b1cba0533008aa1ff203712",
                "sha256:6bb77b3ade7f256ca5882450aaf129be79b11e074505b56c5997af5058a8f834",
                "sha256:727a679d19b18a0b4532abf87f9788070bcd94b78ff07135abe41c716bccbb7d",
                "sha256:73aed4856e672ab12769472cf7aece04b4a6813eb917390d22e58002576136e0",
                "sha256:748fbba6d9c04fc39b956b44ccde8eb14f34e21ab68a0f9965aae3fa5c8fdb5e",
                "sha256:760c964ff0be8dea5f7eda20314cf66238fdd0fec63f1ce9c474736bb2904924",
                "sha256:7664bcf9a12e62c672a926c4579f74689507beaa24378ad7664f0603b0dafd20",
                "sha256:7e992de09832ee11b35910c05c1581e8a9ab8ea9737c2f582c7eb540e2cdde69",
                "sha256:830a74b6a045a13e1b1d28af62af9878aeae8e7386f14888c84084d577b92771",
                "sha256:85220b27a47df4a5106ef13d43b6181d73da77d3f78646ec7251a0c5eb08ac40",
                "sha256:8541f1b7516290f6ccc3faac9aea681183c5d0b1f8078b957ae41dfbd5b93b58",
                "sha256:854a0962d6f5852b891b6b5789467d1e72b69722df1bc0dd85cbf70efeddc83f",
                "sha256:88b47fbabbd9cee8be5d6c26ac4d599dd66146628b9ca23d9f4f209c4e3e143e",
                "sha256:88d8a13cf310cfc893e3734f8e7e42ef20c52780506e9bdb96e76a8b75e3ba20",
                "sha256:89a0829637221ff0fd6ce63dfbe59e22b25eeba914d50e191519b9d9b8ccf3e9",
                "sha256:8b65b0b4e8b88e8326cdbfd3ec119953a0b10b514947f4bd03a4ed0fc58f6471",
                "sha256:8f91d0a5d3696e373cae08c80ec99a4ff041e562e55648ebe582725cba555190",
                "sha256:936320113eadd3d71d9ce371d9027b1c56299001b48ed197a0db4140e1d13bbd",
                "sha256:97d0841a2682a3c302f70537e8316077e56795062c6f629714f5d0771f7a5838",
                "sha256:98412a7bdc49c7fbb493be3c3e7fd2f874eff29ed636b8c0eca325a1e3e74264",
                "sha256:99b487f08c32530ee608e8aab0c4075048262a7f5a6e113bac495b05154ae427",
                "sha256:9a271d50643cf927bfc002d397b4f715abdbc6ca46a5a93d1d66a033eabaa5f3",
                "sha256:9fce199af18d459c8f19747501d1e852d86550162e7ccdc2c193b44e55d9bbfb",
                "sha256:9fdf67c10a5403b1668d1b6ade7744d20790367b10866d27394e64716992c3e4",
                "sha256:a0d567beb47cd403394bf241df8cfc14499279d0f3a6675f89b667249841aab1",
                "sha256:a591c94f7047d105c29630e7606a2b007f96cf98651fb93e9f820272b0361e02",
                "sha256:a6084fc909a218843bb55723fde64a8a58bac7e9086854c37134269b3f946aeb",
                "sha256:a689e6e0514f48a434e7ee44cc1eb29c34b21c51c57accb304eac97fba87bf48",
                "sha256:af1b70cac87c5627cd2227823318fa39c64fbfed686c8c3c2f713f72bc25813b",
                "sha256:b2080ee52aeac03854a0c6e73d4214d5be2120bdd5f16def4394f9fbc5666e04",
                "sha256:b4303024ffea56fd164a68f80f23df9e9158620593b7515c73c885285ec6a558",
                "sha256:b847f716fc314cf83d128fedc2c16ffdff5431a439db412465c4b0ac1762478e",
                "sha256:b8bc81d59205558326ac75c97e236fd72b8bcdf63fcdbfb7387bd63da242b209",
                "sha256:bccaf7f16b9da5edb608705edc3c38401e83ea0ff04c6375f25c6fc15e88f9b3",
                "sha256:c4250f507bb1b7501f7187af8345e200cbc1a58ceb3730bf4e3fdc371fe732c0",
                "sha256:c8a75233798e334fd53305656ffcf0601f60e9ff461af759677006c07c060939",
                "sha256:d36634491e06234672492715bc6ff7be61aeaf44822cb366dbbe9d924f2614cc",
                "sha256:d5739f513cb02039f970054eabeccc62696ed2a1afff6e17f75d5492a3ed8d74",
                "sha256:d6d07539502610ee8d6437a77840feedefa47044ab0f35cd3bc37adfc63753bd",
                "sha256:d8ba18720bafa4a65f07baba8c3228e98a6f8da7455de4ec58ae06de4ecdaea0",
                "sha256:da2063cee1fbecc09e1692e7c4de7624fd4c47a54ee7588b7ea20540f8f8d779",
                "sha256:da64e19e1ec0c1e8a1cd77c4802a0d656f8a6e0ab7a1479d435a9d2575e473f8",
                "sha256:de42400ea86e3e8be3dc7f9b3b9ed51da7fd06dc2f3a426d7effd7fbf35de848",
                "sha256:de7ccc31a471ea5bfafabe804c12a63e18b4511afc1014f23c3cc7be8c70d3bd",
                "sha256:df0704fd6a30a7c27c03655ae6dc77345c1655634fe59654e74bb06a3c7c1357",
                "sha256:e125c92cd0ac3b53c4c80fcf2890d89a1d19ff4979dc804031773bc90223859f",
                "sha256:e729781b6134a6e3b380a2d8eae0843a230fc3716bdc8bba4cde2b0ce260982b",
                "sha256:e7a626637c1d967e3e504ced353f89c2a9f6c8b4b4dbf348fdd3e1daa947a23c",
                "sha256:eb6dfba3264b38a3e95cac8e64f318ad4c27e2232f6c566a69b3b113115c06ef",
                "sha256:ecc8c12e710212c4d959fda3a52377ae6a30fa204822f2e63fd430e018be3d6f",
                "sha256:ef2e3e93ae612ac87c3a28f08e8544b707d67e99f9624e420762a7c275bb13c5",
                "sha256:f0a86394c9440e23a29f48f2bbc460de7b19950f46ec2bea3be8c2090839bb29",
                "sha256:f29cbd0c172a8fc1d51eaacd163bdc11596aded5a90db617e6b778c2258c7006",
                "sha256:f351694f65d4df48ee2578d977d37a0560bd3e8535e85dfe59df6abeed12bd6e",
                "sha256:f35b138bb698b29467627318af9258ec677e021e0816ae0da9b84f9164ed7518",
                "sha256:f91335f056b9a548070cb87b3e6cf017a18b27d34a83f222bdf46a5360615f11",
                "sha256:f956ad16cab9267c0e7d382a37b4baca6bf3bf1637a76fa95fdbf9dd3ea774d7",
                "sha256:fa8b65f483cdd3114d41736e0e9c3841e7ee6ac5861bae3d26e21e19faa229ff",
                "sha256:fb00ecae116e62801613788d8dc3938df26f582efce5a3d3320e9692575e7c4d",
                "sha256:fddda71ae372cd835ffd64990f0d0b160409e881bf8722b6c5dc15dc4239d7db",
                "sha256:fe2810c42cc5bca15eeb4a2eb192b1f74ceef6005876b1a166ecbde1defbd22d",
                "sha256:fe5c3b7d96a838d9d86bb4ec57495749965e598a3ea2c5b877a61aa09478bab7"
            ],
            "markers": "python_version >= '3.7'",
            "version": "==0.23.0"
        },
        "lxml": {
            "hashes": [
                "sha256:04da965dfebb5dac2619cb90fcf93efdb35b3c6994fea58a157a834f2f94b318",
                "sha256:0538747a9d7827ce3e16a8fdd201a99e661c7dee3c96c885d8ecba3c35d1032c",
                "sha256:0645e934e940107e2fdbe7c5b6fb8ec6232444260752598bc4d09511bd056c0b",
                "sha256:079b68f197c796e42aa80b1f739f058dcee796dc725cc9a1be0cdb08fc45b000",
                "sha256:0f3f0059891d3254c7b5fb935330d6db38d6519ecd238ca4fce93c234b4a0f73",
                "sha256:10d2017f9150248563bb579cd0d07c61c58da85c922b780060dcc9a3aa9f432d",
                "sha256:1355755b62c28950f9ce123c7a41460ed9743c699905cbe664a5bcc5c9c7c7fb",
                "sha256:13c90064b224e10c14dcdf8086688d3f0e612db53766e7478d7754703295c7c8",
                "sha256:1423631e3d51008871299525b541413c9b6c6423593e89f9c4cfbe8460afc0a2",
                "sha256:1436cf0063bba7888e43f1ba8d58824f085410ea2025befe81150aceb123e345",
                "sha256:1a7c59c6ffd6ef5db362b798f350e24ab2cfa5700d53ac6681918f314a4d3b94",
                "sha256:1e1cf47774373777936c5aabad489fef7b1c087dcd1f426b621fda9dcc12994e",
                "sha256:206a51077773c6c5d2ce1991327cda719063a47adc02bd703c56a662cdb6c58b",
                "sha256:21fb3d24ab430fc538a96e9fbb9b150029914805d551deeac7d7822f64631dfc",
                "sha256:27e590352c76156f50f538dbcebd1925317a0f70540f7dc8c97d2931c595783a",
                "sha256:287605bede6bd36e930577c5925fcea17cb30453d96a7b4c63c14a257118dbb9",
                "sha256:2aaf6a0a6465d39b5ca69688fce82d20088c1838534982996ec46633dc7ad6cc",
                "sha256:32a73c53783becdb7eaf75a2a1525ea8e49379fb7248c3eeefb9412123536387",
                "sha256:41fb58868b816c202e8881fd0f179a4644ce6e7cbbb248ef0283a34b73ec73bb",
                "sha256:4780677767dd52b99f0af1f123bc2c22873d30b474aa0e2fc3fe5e02217687c7",
                "sha256:4878e667ebabe9b65e785ac8da4d48886fe81193a84bbe49f12acff8f7a383a4",
                "sha256:487c8e61d7acc50b8be82bda8c8d21d20e133c3cbf41bd8ad7eb1aaeb3f07c97",
                "sha256:4beea0f31491bc086991b97517b9683e5cfb369205dac0148ef685ac12a20a67",
                "sha256:4cfbe42c686f33944e12f45a27d25a492cc0e43e1dc1da5d6a87cbcaf2e95627",
                "sha256:4d5bae0a37af799207140652a700f21a85946f107a199bcb06720b13a4f1f0b7",
                "sha256:4e285b5f2bf321fc0857b491b5028c5f276ec0c873b985d58d7748ece1d770dd",
                "sha256:57e4d637258703d14171b54203fd6822fda218c6c2658a7d30816b10995f29f3",
                "sha256:5974895115737a74a00b321e339b9c3f45c20275d226398ae79ac008d908bff7",
                "sha256:5ef87fca280fb15342726bd5f980f6faf8b84a5287fcc2d4962ea8af88b35130",
                "sha256:603a464c2e67d8a546ddaa206d98e3246e5db05594b97db844c2f0a1af37cf5b",
                "sha256:6653071f4f9bac46fbc30f3c7838b0e9063ee335908c5d61fb7a4a86c8fd2036",
                "sha256:6ca2264f341dd81e41f3fffecec6e446aa2121e0b8d026fb5130e02de1402785",
                "sha256:6d279033bf614953c3fc4a0aa9ac33a21e8044ca72d4fa8b9273fe75359d5cca",
                "sha256:6d949f53ad4fc7cf02c44d6678e7ff05ec5f5552b235b9e136bd52e9bf730b91",
                "sha256:6daa662aba22ef3258934105be2dd9afa5bb45748f4f702a3b39a5bf53a1f4dc",
                "sha256:6eafc048ea3f1b3c136c71a86db393be36b5b3d9c87b1c25204e7d397cee9536",
                "sha256:830c88747dce8a3e7525defa68afd742b4580df6aa2fdd6f0855481e3994d391",
                "sha256:86e92728ef3fc842c50a5cb1d5ba2bc66db7da08a7af53fb3da79e202d1b2cd3",
                "sha256:8caf4d16b31961e964c62194ea3e26a0e9561cdf72eecb1781458b67ec83423d",
                "sha256:8d1a92d8e90b286d491e5626af53afef2ba04da33e82e30744795c71880eaa21",
                "sha256:8f0a4d179c9a941eb80c3a63cdb495e539e064f8054230844dcf2fcb812b71d3",
                "sha256:9232b09f5efee6a495a99ae6824881940d6447debe272ea400c02e3b68aad85d",
                "sha256:927a9dd016d6033bc12e0bf5dee1dde140235fc8d0d51099353c76081c03dc29",
                "sha256:93e414e3206779ef41e5ff2448067213febf260ba747fc65389a3ddaa3fb8715",
                "sha256:98cafc618614d72b02185ac583c6f7796202062c41d2eeecdf07820bad3295ed",
                "sha256:9c3a88d20e4fe4a2a4a84bf439a5ac9c9aba400b85244c63a1ab7088f85d9d25",
                "sha256:9f36de4cd0c262dd9927886cc2305aa3f2210db437aa4fed3fb4940b8bf4592c",
                "sha256:a60f90bba4c37962cbf210f0188ecca87daafdf60271f4c6948606e4dabf8785",
                "sha256:a614e4afed58c14254e67862456d212c4dcceebab2eaa44d627c2ca04bf86837",
                "sha256:ae06c1e4bc60ee076292e582a7512f304abdf6c70db59b56745cca1684f875a4",
                "sha256:b122a188cd292c4d2fcd78d04f863b789ef43aa129b233d7c9004de08693728b",
                "sha256:b570da8cd0012f4af9fa76a5635cd31f707473e65a5a335b186069d5c7121ff2",
                "sha256:bcaa1c495ce623966d9fc8a187da80082334236a2a1c7e141763ffaf7a405067",
                "sha256:bd34f6d1810d9354dc7e35158aa6cc33456be7706df4420819af6ed966e85448",
                "sha256:be9eb06489bc975c38706902cbc6888f39e946b81383abc2838d186f0e8b6a9d",
                "sha256:c4b2e0559b68455c085fb0f6178e9752c4be3bba104d6e881eb5573b399d1eb2",
                "sha256:c62e8dd9754b7debda0c5ba59d34509c4688f853588d75b53c3791983faa96fc",
                "sha256:c852b1530083a620cb0de5f3cd6826f19862bafeaf77586f1aef326e49d95f0c",
                "sha256:d9fc0bf3ff86c17348dfc5d322f627d78273eba545db865c3cd14b3f19e57fa5",
                "sha256:dad7b164905d3e534883281c050180afcf1e230c3d4a54e8038aa5cfcf312b84",
                "sha256:e5f66bdf0976ec667fc4594d2812a00b07ed14d1b44259d19a41ae3fff99f2b8",
                "sha256:e8f0c9d65da595cfe91713bc1222af9ecabd37971762cb830dea2fc3b3bb2acf",
                "sha256:edffbe3c510d8f4bf8640e02ca019e48a9b72357318383ca60e3330c23aaffc7",
                "sha256:eea5d6443b093e1545ad0210e6cf27f920482bfcf5c77cdc8596aec73523bb7e",
                "sha256:ef72013e20dd5ba86a8ae1aed7f56f31d3374189aa8b433e7b12ad182c0d2dfb",
                "sha256:f05251bbc2145349b8d0b77c0d4e5f3b228418807b1ee27cefb11f69ed3d233b",
                "sha256:f1be258c4d3dc609e654a1dc59d37b17d7fef05df912c01fc2e15eb43a9735f3",
                "sha256:f9ced82717c7ec65a67667bb05865ffe38af0e835cdd78728f1209c8fffe0cad",
                "sha256:fe17d10b97fdf58155f858606bddb4e037b805a60ae023c009f760d8361a4eb8",
                "sha256:fe749b052bb7233fe5d072fcb549221a8cb1a16725c47c37e42b0b9cb3ff2c3f"
            ],
            "index": "pypi",
            "markers": "python_version >= '2.7' and python_version not in '3.0, 3.1, 3.2, 3.3, 3.4'",
            "version": "==4.9.1"
        },
        "python-levenshtein": {
            "hashes": [
                "sha256:156a0198cdcc659c90c8d3863d0ed3f4f0cf020608da71da52ac0f0746ef901a",
                "sha256:486a47b189e3955463107aa36b57fb1e2b3b40243b9cc2994cde9810c78195c0"
            ],
            "version": "==0.23.0"
        },
        "rapidfuzz": {
            "hashes": [
                "sha256:01013ee67fb15608c8c5961af3bc2b1f242cff94c19f53237c9b3f0edb8e0a2d",
                "sha256:01d64710060bc3241c08ac1f1a9012c7184f3f4c3d6e2eebb16c6093a03f6a67",
                "sha256:02afbe7ed12e9191082ed7bda43398baced1d9d805302b7b010d397de3ae973f",
                "sha256:0b9197656a6d71483959bf7d216e7fb7a6b80ca507433bcb3015fb92abc266f8",
                "sha256:0d8c6cb80b5d2edf88bf6a88ac6827a353c974405c2d7e3025ed9527a5dbe1a6",
                "sha256:0df66e07e42e2831fae84dea481f7803bec7cfa53c31d770e86ac47bb18dcd57",
                "sha256:124578029d926b2be32d60b748be95ee0de6cb2753eb49d6d1d6146269b428b9",
                "sha256:1276c7f50cd90a48b00084feb25256135c9ace6c599295dd5932949ec30c0e70",
                "sha256:1438e68fe8869fe6819a313140e98641b34bfc89234b82486d8fd02044a067e8",
                "sha256:1a733c10b1fcc47f837c23ab4a255cc4021a88939ff81baa64d6738231cba33d",
                "sha256:1bafbd3e2e9e0b5f740f66155cc7e1e23eee1e1f2c44eff12daf14f90af0e8ab",
                "sha256:1ebee7313719dfe652debb74bdd4024e8cf381a59adc6d065520ff927f3445f4",
                "sha256:233bf022938c38060a93863ec548e624d69a56d7384634d8bea435b915b88e52",
                "sha256:23b07685c21c93cdf6d68b49eccacfe975651b8d99ea8a02687400c60315e5bc",
                "sha256:2543fd8d0fb3b1ac065bf94ee54c0ea33343c62481d8e54b6117a88c92c9b721",
                "sha256:273c7c7f5b405f2f54d41e805883572d57e1f0a56861f93ca5a6733672088acb",
                "sha256:28d03cd33817f6e0bea9b618b460f85ff9c9c3fedc6c19cfa0992f719a0d1801",
                "sha256:2e49151572b842d290dcee2cc6f9ce7a7b40b77cc20d0f6d6b54e7afb7bafa5c",
                "sha256:3456f4df5b8800315fd161045c996479016c112228e4da370d09ed80c24853e5",
                "sha256:37d5f0fbad6c092c89840eea2c4c845564d40849785de74c5e6ff48b47b0ecf6",
                "sha256:3af0384132e79fe6f6370d49347649382e04f689277525903bef84d30f3992fd",
                "sha256:3db79070888d0dcd4f6a20fd30b8184dd975d6b0f7818acff5d7e07eba19b71f",
                "sha256:437508ec1ea6e71a77126715ac6208cb9c3e74272536ebfa79be9dd008cfb85f",
                "sha256:46efc5e4675e2bd5118427513f86eaf3689e1482ebd309ad4532bcefae78179d",
                "sha256:4fd94acab871afbc845400814134a83512a711e824dc2c9a9776d6123464a221",
                "sha256:50ad7bac98a0f00492687eddda73d2c0bdf71c78b52fddaa5901634ae323d3ce",
                "sha256:51d47d52c890cbdb2d8b2085d747e557f15efd9c990cb6ae624c8f6948c4aa3a",
                "sha256:52c6b7a178f0e800488fa1aede17b00f6397cab0b79d48531504b0d89e45315f",
                "sha256:53bbef345644eac1c2d7cc21ade4fe9554fa289f60eb2c576f7fdc454dbc0641",
                "sha256:55efb3231bb954f3597313ebdf104289b8d139d5429ad517051855f84e12b94e",
                "sha256:59f851c7a54a9652b9598553547e0940244bfce7c9b672bac728efa0b9028d03",
                "sha256:5b9a7ab061c1b75b274fc2ebd1d29cfa2e510c36e2f4cd9518a6d56d589003c8",
                "sha256:5fe3ef7daecd79f852936528e37528fd88818bc000991e0fea23b9ac5b79e875",
                "sha256:61f16bb0f3026853500e7968261831a2e1a35d56947752bb6cf6953afd70b9de",
                "sha256:6286510910fcd649471a7f5b77fcc971e673729e7c84216dbf321bead580d5a1",
                "sha256:63933792146f3d333680d415cecc237e6275b42ad948d0a798f9a81325517666",
                "sha256:66ff93b81b382269dc7c2d46c839ce72e2d2331ad46a06321770bc94016fe236",
                "sha256:698488002eb7be2f737e48679ed0cd310b76291f26d8ec792db8345d13eb6573",
                "sha256:6b8258846e56b03230fa733d29bb4f9fb1f4790ac97d1ebe9faa3ff9d2850999",
                "sha256:6d38596c804a9f2bd49360c15e1f4afbf016f181fe37fc4f1a4ddd247d3e91e5",
                "sha256:6f5c8b901b6d3be63591c68e2612f76ad85af27193d0a88d4d87bb047aeafcb3",
                "sha256:712dd91d429afaddbf7e86662155f2ad9bc8135fca5803a01035a3c1d76c5977",
                "sha256:734046d557550589edb83d5ad1468a1341d1092f1c64f26fd0b1fc50f9efdce1",
                "sha256:74b9a1c1fc139d325fb0b89ccc85527d27096a76f6ed690ee3378143cc38e91d",
                "sha256:75d1365387ec8ef2128fd7e2f7436aa1a04a1953bc6d7068835bb769cd07c146",
                "sha256:76f4162ce5fe08609455d318936ed4aa709f40784be61fb4e200a378137b0230",
                "sha256:7f497f850d46c5e08f3340343842a28ede5d3997e5d1cadbd265793cf47417e5",
                "sha256:805dc2aa3ac295dcbf2df8c1e420e8a73b1f632d6820a5a1c8506d22c11e0f27",
                "sha256:83387fb81c4c0234b199110655779762dd5982cdf9de4f7c321110713193133e",
                "sha256:87409e12f9a82aa33a5b845c49dd8d5d4264f2f171f0a69ddc638e100fcc50de",
                "sha256:8756461e7ee79723b8f762fc6db226e65eb453bf9fa64b14fc0274d4aaaf9e21",
                "sha256:8b38d7677b2f20b137bb7aaf0dcd3d8ac2a2cde65f09f5621bf3f57d9a1e5d6e",
                "sha256:8eb33895353bfcc33ccf4b4bae837c0afb4eaf20a0361aa6f0800cef12505e91",
                "sha256:8f5d2adc48c181486125d42230e80479a1e0568942e883d1ebdeb76cd3f83470",
                "sha256:929e6b71e5b36caee2ee11c209e75a0fcbd716a1b76ae6162b89ee9b591b63b1",
                "sha256:93ceb62ade1a0e62696487274002157a58bb751fc82cd25016fc5523ba558ca5",
                "sha256:950d1dfd2927cd45c9bb2927933926718f0a17792841e651d42f4d1cb04a5c1d",
                "sha256:9814905414696080d8448d6e6df788a0148954ab34d7cd8d75bcb85ba30e0b25",
                "sha256:9e1142c8d35fa6f3af8150d02ff8edcbea3723c851d889e8b2172e0d1b99f3f7",
                "sha256:9f295842c282fe7fe93bfe7a20e78f33f43418f47fb601f2f0a05df8a8282b43",
                "sha256:a0750278693525b5ce58d3b313e432dfa5d90f00d06ae54fa8cde87f2a397eb0",
                "sha256:a716efcfc92659d8695291f07da4fa60f42a131dc4ceab583931452dd5662e92",
                "sha256:a7215f7c5de912b364d5cf7c4c66915ccf4acf71aafbb8da62ad346569196e15",
                "sha256:a74112e2126b428c77db5e96f7ce34e91e750552147305b2d361122cbede2955",
                "sha256:a7d6a9f04ea1277add8943d4e144e59215009f54f2668124ff26dee18a875343",
                "sha256:a80f9aa4245a49e0677896d1b51b2b3bc36472aff7cec31c4a96f789135f03fe",
                "sha256:ab981f9091ae8bd32bca9289fa1019b4ec656543489e7e13e64882d57d989282",
                "sha256:b05c7d4b4ddb617e977d648689013e50e5688140ee03538d3760a3a11d4fa8a2",
                "sha256:b38c7021f6114cfacba5717192fb3e1e50053261d49a774e645021a2f77e20a3",
                "sha256:b6fe2aff0d9b35191701714e05afe08f79eaea376a3a6ca802b72d9e5b48b545",
                "sha256:b81b8bc29114ca861fed23da548a837832b85495b0c1b2600e6060e3cf4d50aa",
                "sha256:bbb05b1203f683b341f44ebe8fe38afed6e56f606094f9840d6406e4a7bf0eab",
                "sha256:bd10d68baabb63a3bb36b683f98fc481fcc62230e493e4b31e316bd5b299ef68",
                "sha256:bd50bc90167601963e2a90b820fb862d239ecb096a991bf3ce33ffaa1d6eedee",
                "sha256:bf58ba21df06fc8aeef3056fd137eca0a593c2f5c82923a4524d251dc5f3df5d",
                "sha256:bfe14711b9a7b744e242a482c6cabb696517a1a9946fc1e88d353cd3eb384788",
                "sha256:c006aa481d1b91c2600920ce16e42d208a4b6f318d393aef4dd2172d568f2641",
                "sha256:c0150d521199277b5ad8bd3b060a5f3c1dbdf11df0533b4d79f458ef11d07e8c",
                "sha256:c2a564f748497b6a5e08a1dc0ac06655f65377cf072c4f0e2c73818acc655d36",
                "sha256:c56073ba1d1b25585359ad9769163cb2f3183e7a03c03b914a0667fcbd95dc5c",
                "sha256:c67f5ced39aff6277dd772b239ef8aa8fc810200a3b42f69ddbb085ea0e18232",
                "sha256:c7f4f6dac25c120de8845a65a97090658c8a976827ac22b6b86e2a16a60bb820",
                "sha256:c92d847c997c384670e3b4cf6727cb73a4d7a7ba6457310e2083cf06d56013c4",
                "sha256:cc3efc06db79e818f4a6783a4e001b3c8b2c61bd05c0d5c4d333adaf64ed1b34",
                "sha256:cfdc74afd93ac71270b5be5c25cb864b733b9ae32b07495705a6ac294ac4c390",
                "sha256:d0bda173b0ec1fa546f123088c0d42c9096304771b4c0555d4e08a66a246b3f6",
                "sha256:d15c364c5aa8f032dadf5b82fa02b7a4bd9688a961a27961cd5b985203f58037",
                "sha256:d188e8fb5a9709931c6a48cc62c4ac9b9d163969333711e426d9dbd134c1489b",
                "sha256:d1d81d380ceabc8297880525c9d8b9e93fead38d3d2254e558c36c18aaf2553f",
                "sha256:d3198f70b97127e52a4f96bb2f7de447f89baa338ff398eb126930c8e3137ad1",
                "sha256:d904ac97f2e370f91e8170802669c8ad68641bf84d742968416b53c5960410c6",
                "sha256:da2764604a31fd1e3f1cacf226b43a871cc9f28844a3196c2a6b1ba52ae12922",
                "sha256:dd54dd0355225dc3c1d55e233d510adcccee9bb25d656b4cf1136114b92e7bf3",
                "sha256:e14799297f194a4480f373e45142ef16d5dc68a42084c0e2018e0bdba56a8fef",
                "sha256:e182ea5c809e7ed36ebfbcef4bb1808e213d27b33c036007a33bcbb7ba498356",
                "sha256:e77873126eb07e7461f0b675263e6c5d42c8a952e88e4a44eeff96f237b2b024",
                "sha256:ed0d5761b44d9dd87278d5c32903bb55632346e4d84ea67ba2e4a84afc3b7d45",
                "sha256:ed3da08830c08c8bcd49414cc06b704a760d3067804775facc0df725b52085a4",
                "sha256:ef30b5f2720f0acbcfba0e0661a4cc118621c47cf69b5fe92531dfed1e369e1c",
                "sha256:f0075ff8990437923da42202b60cf04b5c122ee2856f0cf2344fb890cadecf57",
                "sha256:f1e91460baa42f5408f3c062913456a24b2fc1a181959b58a9c06b5eef700ca6",
                "sha256:f3effbe9c677658b3149da0d2778a740a6b7d8190c1407fd0c0770a4e223cfe0",
                "sha256:f5921780e7995e9ac3cea41fa57b623159d7295788618d3f2946d61328c25c25",
                "sha256:f71454249ddd29d8ba5415ed7307e7b7493fc7e9018f1ff496127b8b9a8df94b",
                "sha256:f723197f2dbce508a7030dcf6d3fc940117aa54fc876021bf6f6feeaf3825ba1",
                "sha256:f7f5ea97886d2ec7b2b9a8172812a76e1d243f2ce705c2f24baf46f9ef5d3951",
                "sha256:f813fb663d90038c1171d30ea1b6b275e09fced32f1d12b972c6045d9d4233f2",
                "sha256:fc4b1b69a64d337c40fa07a721dae1b1550d90f17973fb348055f6440d597e26"
            ],
            "markers": "python_version >= '3.7'",
            "version": "==3.4.0"
        },
        "requests": {
            "hashes": [
                "sha256:58cd2187c01e70e6e26505bca751777aa9f2ee0b7f4300988b709f44e013003f",
                "sha256:942c5a758f98d790eaed1a29cb6eefc7ffb0d1cf7af05c3d2791656dbd6ad1e1"
            ],
            "index": "pypi",
            "markers": "python_version >= '3.7'",
            "version": "==2.31.0"
        },
        "rfc3986": {
            "extras": [
                "idna2008"
            ],
            "hashes": [
                "sha256:270aaf10d87d0d4e095063c65bf3ddbc6ee3d0b226328ce21e036f946e421835",
                "sha256:a86d6e1f5b1dc238b218b012df0aa79409667bb209e58da56d0b94704e712a97"
            ],
            "version": "==1.5.0"
        },
        "selenium": {
            "hashes": [
                "sha256:2d7131d7bc5a5b99a2d9b04aaf2612c411b03b8ca1b1ee8d3de5845a9be2cb3c",
                "sha256:deaf32b60ad91a4611b98d8002757f29e6f2c2d5fcaf202e1c9ad06d6772300d"
            ],
            "index": "pypi",
            "version": "==3.141.0"
        },
        "sniffio": {
            "hashes": [
                "sha256:e60305c5e5d314f5389259b7f22aaa33d8f7dee49763119234af3755c55b9101",
                "sha256:eecefdce1e5bbfb7ad2eeaabf7c1eeb404d7757c379bd1f7e5cce9d8bf425384"
            ],
            "markers": "python_version >= '3.7'",
            "version": "==1.3.0"
        },
        "stop-words": {
            "hashes": [
                "sha256:6df3ad5f5de697daa437e4445c86c73604e6bc138dd0dc0fac55664aa4e6b03e"
            ],
            "index": "pypi",
            "version": "==2018.7.23"
        },
        "urllib3": {
            "extras": [
                "socks"
            ],
            "hashes": [
                "sha256:a448b2f64d686155468037e1ace9f2d2199776e17f0a46610480d311f73e3472",
                "sha256:dd505485549a7a552833da5e6063639d0d177c04f23bc3864e41e5dc5f612168"
            ],
            "index": "pypi",
            "markers": "python_version >= '3.8'",
            "version": "==2.2.2"
        }
    },
    "develop": {}
}
