{
    "_meta": {
        "hash": {
            "sha256": "084fa5dc8709162eff5c86027437387494fd2ede5afcda439358ecadd8678fa5"
        },
        "pipfile-spec": 6,
        "requires": {
            "python_version": "3.9"
        },
        "sources": [
            {
                "name": "pypi",
                "url": "https://pypi.org/simple",
                "verify_ssl": true
            }
        ]
    },
    "default": {
        "anyio": {
            "hashes": [
                "sha256:44a3c9aba0f5defa43261a8b3efb97891f2bd7d804e0e1f56419befa1adfc780",
                "sha256:91dee416e570e92c64041bd18b900d1d6fa78dff7048769ce5ac5ddad004fbb5"
            ],
            "markers": "python_version >= '3.7'",
            "version": "==3.7.1"
        },
        "certifi": {
            "hashes": [
                "sha256:539cc1d13202e33ca466e88b2807e29f4c13049d6d87031a3c110744495cb082",
                "sha256:92d6037539857d8206b8f6ae472e8b77db8058fec5937a1ef3f54304089edbb9"
            ],
            "markers": "python_version >= '3.6'",
            "version": "==2023.7.22"
        },
        "chardet": {
            "hashes": [
                "sha256:0d6f53a15db4120f2b08c94f11e7d93d2c911ee118b6b30a04ec3ee8310179fa",
                "sha256:f864054d66fd9118f2e67044ac8981a54775ec5b67aed0441892edb553d21da5"
            ],
            "index": "pypi",
            "version": "==4.0.0"
        },
        "charset-normalizer": {
            "hashes": [
                "sha256:04e57ab9fbf9607b77f7d057974694b4f6b142da9ed4a199859d9d4d5c63fe96",
                "sha256:09393e1b2a9461950b1c9a45d5fd251dc7c6f228acab64da1c9c0165d9c7765c",
                "sha256:0b87549028f680ca955556e3bd57013ab47474c3124dc069faa0b6545b6c9710",
                "sha256:1000fba1057b92a65daec275aec30586c3de2401ccdcd41f8a5c1e2c87078706",
                "sha256:1249cbbf3d3b04902ff081ffbb33ce3377fa6e4c7356f759f3cd076cc138d020",
                "sha256:1920d4ff15ce893210c1f0c0e9d19bfbecb7983c76b33f046c13a8ffbd570252",
                "sha256:193cbc708ea3aca45e7221ae58f0fd63f933753a9bfb498a3b474878f12caaad",
                "sha256:1a100c6d595a7f316f1b6f01d20815d916e75ff98c27a01ae817439ea7726329",
                "sha256:1f30b48dd7fa1474554b0b0f3fdfdd4c13b5c737a3c6284d3cdc424ec0ffff3a",
                "sha256:203f0c8871d5a7987be20c72442488a0b8cfd0f43b7973771640fc593f56321f",
                "sha256:246de67b99b6851627d945db38147d1b209a899311b1305dd84916f2b88526c6",
                "sha256:2dee8e57f052ef5353cf608e0b4c871aee320dd1b87d351c28764fc0ca55f9f4",
                "sha256:2efb1bd13885392adfda4614c33d3b68dee4921fd0ac1d3988f8cbb7d589e72a",
                "sha256:2f4ac36d8e2b4cc1aa71df3dd84ff8efbe3bfb97ac41242fbcfc053c67434f46",
                "sha256:3170c9399da12c9dc66366e9d14da8bf7147e1e9d9ea566067bbce7bb74bd9c2",
                "sha256:3b1613dd5aee995ec6d4c69f00378bbd07614702a315a2cf6c1d21461fe17c23",
                "sha256:3bb3d25a8e6c0aedd251753a79ae98a093c7e7b471faa3aa9a93a81431987ace",
                "sha256:3bb7fda7260735efe66d5107fb7e6af6a7c04c7fce9b2514e04b7a74b06bf5dd",
                "sha256:41b25eaa7d15909cf3ac4c96088c1f266a9a93ec44f87f1d13d4a0e86c81b982",
                "sha256:45de3f87179c1823e6d9e32156fb14c1927fcc9aba21433f088fdfb555b77c10",
                "sha256:46fb8c61d794b78ec7134a715a3e564aafc8f6b5e338417cb19fe9f57a5a9bf2",
                "sha256:48021783bdf96e3d6de03a6e39a1171ed5bd7e8bb93fc84cc649d11490f87cea",
                "sha256:4957669ef390f0e6719db3613ab3a7631e68424604a7b448f079bee145da6e09",
                "sha256:5e86d77b090dbddbe78867a0275cb4df08ea195e660f1f7f13435a4649e954e5",
                "sha256:6339d047dab2780cc6220f46306628e04d9750f02f983ddb37439ca47ced7149",
                "sha256:681eb3d7e02e3c3655d1b16059fbfb605ac464c834a0c629048a30fad2b27489",
                "sha256:6c409c0deba34f147f77efaa67b8e4bb83d2f11c8806405f76397ae5b8c0d1c9",
                "sha256:7095f6fbfaa55defb6b733cfeb14efaae7a29f0b59d8cf213be4e7ca0b857b80",
                "sha256:70c610f6cbe4b9fce272c407dd9d07e33e6bf7b4aa1b7ffb6f6ded8e634e3592",
                "sha256:72814c01533f51d68702802d74f77ea026b5ec52793c791e2da806a3844a46c3",
                "sha256:7a4826ad2bd6b07ca615c74ab91f32f6c96d08f6fcc3902ceeedaec8cdc3bcd6",
                "sha256:7c70087bfee18a42b4040bb9ec1ca15a08242cf5867c58726530bdf3945672ed",
                "sha256:855eafa5d5a2034b4621c74925d89c5efef61418570e5ef9b37717d9c796419c",
                "sha256:8700f06d0ce6f128de3ccdbc1acaea1ee264d2caa9ca05daaf492fde7c2a7200",
                "sha256:89f1b185a01fe560bc8ae5f619e924407efca2191b56ce749ec84982fc59a32a",
                "sha256:8b2c760cfc7042b27ebdb4a43a4453bd829a5742503599144d54a032c5dc7e9e",
                "sha256:8c2f5e83493748286002f9369f3e6607c565a6a90425a3a1fef5ae32a36d749d",
                "sha256:8e098148dd37b4ce3baca71fb394c81dc5d9c7728c95df695d2dca218edf40e6",
                "sha256:94aea8eff76ee6d1cdacb07dd2123a68283cb5569e0250feab1240058f53b623",
                "sha256:95eb302ff792e12aba9a8b8f8474ab229a83c103d74a750ec0bd1c1eea32e669",
                "sha256:9bd9b3b31adcb054116447ea22caa61a285d92e94d710aa5ec97992ff5eb7cf3",
                "sha256:9e608aafdb55eb9f255034709e20d5a83b6d60c054df0802fa9c9883d0a937aa",
                "sha256:a103b3a7069b62f5d4890ae1b8f0597618f628b286b03d4bc9195230b154bfa9",
                "sha256:a386ebe437176aab38c041de1260cd3ea459c6ce5263594399880bbc398225b2",
                "sha256:a38856a971c602f98472050165cea2cdc97709240373041b69030be15047691f",
                "sha256:a401b4598e5d3f4a9a811f3daf42ee2291790c7f9d74b18d75d6e21dda98a1a1",
                "sha256:a7647ebdfb9682b7bb97e2a5e7cb6ae735b1c25008a70b906aecca294ee96cf4",
                "sha256:aaf63899c94de41fe3cf934601b0f7ccb6b428c6e4eeb80da72c58eab077b19a",
                "sha256:b0dac0ff919ba34d4df1b6131f59ce95b08b9065233446be7e459f95554c0dc8",
                "sha256:baacc6aee0b2ef6f3d308e197b5d7a81c0e70b06beae1f1fcacffdbd124fe0e3",
                "sha256:bf420121d4c8dce6b889f0e8e4ec0ca34b7f40186203f06a946fa0276ba54029",
                "sha256:c04a46716adde8d927adb9457bbe39cf473e1e2c2f5d0a16ceb837e5d841ad4f",
                "sha256:c0b21078a4b56965e2b12f247467b234734491897e99c1d51cee628da9786959",
                "sha256:c1c76a1743432b4b60ab3358c937a3fe1341c828ae6194108a94c69028247f22",
                "sha256:c4983bf937209c57240cff65906b18bb35e64ae872da6a0db937d7b4af845dd7",
                "sha256:c4fb39a81950ec280984b3a44f5bd12819953dc5fa3a7e6fa7a80db5ee853952",
                "sha256:c57921cda3a80d0f2b8aec7e25c8aa14479ea92b5b51b6876d975d925a2ea346",
                "sha256:c8063cf17b19661471ecbdb3df1c84f24ad2e389e326ccaf89e3fb2484d8dd7e",
                "sha256:ccd16eb18a849fd8dcb23e23380e2f0a354e8daa0c984b8a732d9cfaba3a776d",
                "sha256:cd6dbe0238f7743d0efe563ab46294f54f9bc8f4b9bcf57c3c666cc5bc9d1299",
                "sha256:d62e51710986674142526ab9f78663ca2b0726066ae26b78b22e0f5e571238dd",
                "sha256:db901e2ac34c931d73054d9797383d0f8009991e723dab15109740a63e7f902a",
                "sha256:e03b8895a6990c9ab2cdcd0f2fe44088ca1c65ae592b8f795c3294af00a461c3",
                "sha256:e1c8a2f4c69e08e89632defbfabec2feb8a8d99edc9f89ce33c4b9e36ab63037",
                "sha256:e4b749b9cc6ee664a3300bb3a273c1ca8068c46be705b6c31cf5d276f8628a94",
                "sha256:e6a5bf2cba5ae1bb80b154ed68a3cfa2fa00fde979a7f50d6598d3e17d9ac20c",
                "sha256:e857a2232ba53ae940d3456f7533ce6ca98b81917d47adc3c7fd55dad8fab858",
                "sha256:ee4006268ed33370957f55bf2e6f4d263eaf4dc3cfc473d1d90baff6ed36ce4a",
                "sha256:eef9df1eefada2c09a5e7a40991b9fc6ac6ef20b1372abd48d2794a316dc0449",
                "sha256:f058f6963fd82eb143c692cecdc89e075fa0828db2e5b291070485390b2f1c9c",
                "sha256:f25c229a6ba38a35ae6e25ca1264621cc25d4d38dca2942a7fce0b67a4efe918",
                "sha256:f2a1d0fd4242bd8643ce6f98927cf9c04540af6efa92323e9d3124f57727bfc1",
                "sha256:f7560358a6811e52e9c4d142d497f1a6e10103d3a6881f18d04dbce3729c0e2c",
                "sha256:f779d3ad205f108d14e99bb3859aa7dd8e9c68874617c72354d7ecaec2a054ac",
                "sha256:f87f746ee241d30d6ed93969de31e5ffd09a2961a051e60ae6bddde9ec3583aa"
            ],
            "markers": "python_version >= '3.7'",
            "version": "==3.2.0"
        },
        "exceptiongroup": {
            "hashes": [
                "sha256:097acd85d473d75af5bb98e41b61ff7fe35efe6675e4f9370ec6ec5126d160e9",
                "sha256:343280667a4585d195ca1cf9cef84a4e178c4b6cf2274caef9859782b567d5e3"
            ],
            "markers": "python_version < '3.11'",
            "version": "==1.1.3"
        },
        "fuzzywuzzy": {
            "extras": [
                "speedup"
            ],
            "hashes": [
                "sha256:45016e92264780e58972dca1b3d939ac864b78437422beecebb3095f8efd00e8",
                "sha256:928244b28db720d1e0ee7587acf660ea49d7e4c632569cad4f1cd7e68a5f0993"
            ],
            "index": "pypi",
            "version": "==0.18.0"
        },
        "h11": {
            "hashes": [
                "sha256:36a3cb8c0a032f56e2da7084577878a035d3b61d104230d4bd49c0c6b555a9c6",
                "sha256:47222cb6067e4a307d535814917cd98fd0a57b6788ce715755fa2b6c28b56042"
            ],
            "markers": "python_version >= '3.6'",
            "version": "==0.12.0"
        },
        "httpcore": {
            "hashes": [
                "sha256:1105b8b73c025f23ff7c36468e4432226cbb959176eab66864b8e31c4ee27fa6",
                "sha256:18b68ab86a3ccf3e7dc0f43598eaddcf472b602aba29f9aa6ab85fe2ada3980b"
            ],
            "markers": "python_version >= '3.7'",
            "version": "==0.15.0"
        },
        "httpx": {
            "hashes": [
                "sha256:42974f577483e1e932c3cdc3cd2303e883cbfba17fe228b0f63589764d7b9c4b",
                "sha256:f28eac771ec9eb4866d3fb4ab65abd42d38c424739e80c08d8d20570de60b0ef"
            ],
            "index": "pypi",
            "version": "==0.23.0"
        },
        "idna": {
            "hashes": [
                "sha256:814f528e8dead7d329833b91c5faa87d60bf71824cd12a7530b5526063d02cb4",
                "sha256:90b77e79eaa3eba6de819a0c442c0b4ceefc341a7a2ab77d7562bf49f425c5c2"
            ],
            "markers": "python_version >= '3.5'",
            "version": "==3.4"
        },
        "levenshtein": {
            "hashes": [
                "sha256:023dffdde576639e48cab3cc835bfaf9c441df7a8e2829bf20104868db6e4f72",
                "sha256:04d338c9153ddf70a32f324cf9f902fe94a6da82122b8037ccde969d4cc0a94b",
                "sha256:06da6c47aa459c725ee90dab467cd2f66956c5f9a43ddb51a0fe2496960f1d3e",
                "sha256:0d997da10fdf1a82e208fd1b05aba40705ca3f053919c84d2e952141d33e3ab3",
                "sha256:11694c6f7119d68cc199ff3b1407560c0efb0cc49f288169f28b2e032ee03cda",
                "sha256:12bb3540e021c73c5d8796ecf8148afd441c4471731924a112bc31bc25abeabf",
                "sha256:13e87517ce788d71deaa73e37332a67c4085c13e58ea3a0218092d555d1872ce",
                "sha256:1dc54aeb02f38a36f16bca6b0f9d07462686d92716424d9a4a3fdd11f3624528",
                "sha256:20361f42f6e7efa5853f69a41a272e9ecb90da284bec4312e42b58fa42b9a752",
                "sha256:248348e94dee05c787b44f16533a366ec5bf8ba949c604ad0db69d0c872f3539",
                "sha256:267ad98befffeed90e73b8c644a297027adb81f61044843aeade7b4a44ccc7d7",
                "sha256:267bc6725506571fd3c03afcc871fa5cbf3d2cb6e4bd11043790fa60cbb0f8a4",
                "sha256:2d880a87aca186342bc2fe16b064c3ed434d2a0c170c419f23b4e00261a5340a",
                "sha256:2e2ed817fa682243ef2e8a2728fcd0f9352d4e5edd104db44862d0bb55c75a7e",
                "sha256:2e4fc4522f9bf73c6ab4cedec834783999b247312ec9e3d1435a5424ad5bc908",
                "sha256:309f134f3d42fa7df7efbbd7975f2331de8c36da3ebdb3fad59abae84268abba",
                "sha256:31aa08e8ddac402edd530aaf708ab085fea7299c499404989eabfde143377911",
                "sha256:35a603d952e9f286fe8053332862c8cff426f5d8a85ee962c3a0f597f4c463c4",
                "sha256:3824e9f75ec9f373fc8b4df23eae668918953487f5ff06db282ddcb3f9c802d2",
                "sha256:39e8a1866325b6d54de4e7d1bffffaf4b4c8cbf0988f47f0f2e929edfbeb870d",
                "sha256:3c13450450d537ec7ede3781be72d72db37cb131943148c8ada58b34e143fc6f",
                "sha256:40a5e38d0c3e488d1dca5dc9c2691c000764813d4006c243f2ebd39e0b331e95",
                "sha256:41e0e539638a27b5e90a5d46679375f93a1cb65cf06efe7c413cf76f71d3d467",
                "sha256:4217ae380f42f825862eb8e2f9beca627fe9ab613f36e206842c003bb1affafc",
                "sha256:43a06b0b492e0d936deff751ad4757786ba7cb5eee510d53b6dfe92c924ff733",
                "sha256:463fd7558f25c477c7e4a59af35c661e133473f62bb02ed2c07c9c95e1c2dc66",
                "sha256:47e6d66fe0110fd8e6efb1939d686099170c27b3ca838eab0c215f0781f05f06",
                "sha256:4a6cd85ac5f7800e8127b3194fa02c59be735b6bdfe55b8516d094652235e038",
                "sha256:50fbe01be99554f644657c32a9e3085369d23e8ccc540d855c683947d3b48b67",
                "sha256:58eaab403b77e62e096cbcbaf61728c8736f9f7a3e36a58fb663461e5d70144f",
                "sha256:59e5054c9dea821840af4623a4059c8f0ae56548a5eae8b9c7aaa0b3f1e33340",
                "sha256:5a10fc3be2bfb05b03b868d462941e4099b680b7f358a90b8c6d7d5946e9e97c",
                "sha256:5acb7e84ccd619dcff6e04928fa8d8cc24f55bb2c9cdfe96620ed85b0a82a7c7",
                "sha256:5da0e2dbddb98da890fb779823df991ad50f184b3d986b8c68784eecbb087f01",
                "sha256:622bc670b906c4bf219755625e9fa704ff07c561a90f1aa35f3f2d8ecd3ec088",
                "sha256:62dca15301bdba4ec7fcf53c39dd8d9c198194990cf035def3f47b7cb9c3213e",
                "sha256:656c70814280c4002af89112f1457b6ad24c42dfba58dcb2047a249ae8ccdd04",
                "sha256:675ba3afaa9e8ec393eb1eeee651697036e8391be54e6c28eae4bfdff4d5e64e",
                "sha256:6833f8cefb96b8ccac457ad421866a74f4de973e7001699fcbbbe9ccb59a5c66",
                "sha256:69a430ab564d286f309c19f7abed34fce9c144f39f984c609ee690dd175cc421",
                "sha256:6c08879d0cf761cd750e976fda67bcc23cf1e485eaa030942e6628b876f4c6d8",
                "sha256:6ed8f99e4e4ba8a43bb4fe0255606724f22069405fa1e3be679a2d90f74770e5",
                "sha256:72b0b84adc52f4cf970a1bb276e76e115b30d693d6dbcd25fca0bcee85ca7cc7",
                "sha256:78d0fb5faef0413864c1b593e5261a840eaa47842b0fa4af7be4c09d90b24a14",
                "sha256:79259b10f105f78853210d8769cf77ca55dac8c368dca33b4c10ffa8965e2543",
                "sha256:7d7e00e8cb45981386df9d3f99073ba7de59bdb739069766b32906421bb1026b",
                "sha256:832951ad7b5ee0df8152f239a9fc602322da055264459dcf4d50d3ed68e68045",
                "sha256:863d507cba67de2fa66d5501ed1bc5029363d2b393662ac7d740dd0330c66aba",
                "sha256:87edb05fc6e4eb14008433f02e89815a756fe4ecc32d7180bb757f26e4161e06",
                "sha256:8d01425bd54c482ccbbc6d953633450a2bdbb7d12450d9eeba6073a6d0f06a3c",
                "sha256:918f2e0f590cacb30edb88e7eccbf71b340d5f080c9e69009f1f00dc24810a67",
                "sha256:91dca7085aa358da71fa50682fc8ff7e21365c99ef17dc1962a7bbf488003528",
                "sha256:938581ba87b306675bc41e21c2b2822a9eb83fb1a0e4a4903b7398d7845b22e3",
                "sha256:9437c2342937decf3cf5ac79d0b9497734897c0a09dc813378c97f2916b7aa76",
                "sha256:94a6ffd7257d12c64de34bc9f801a211e2daa624ec276305f8c67963a9896efa",
                "sha256:952e72f173a65f271dfee102b5571004b6594d4f199864ddead77115a2c147fd",
                "sha256:9546ded45fb3cf8773ade9c91de164c6cb2cb4927516289abd422a262e81906c",
                "sha256:9817dca597abde9fc9571d56a7eca8bd667e9dfc0867b190f1e8b43ce4fde761",
                "sha256:9a8d60084e1c9e87ae247c601e331708de09ed23219b5e39af7c8e9115ab8152",
                "sha256:9bcb3abbe97975cc6a97baf24a3b6e0491472ecedbc0247a41eb2c8d73ecde5d",
                "sha256:9dda976c1dae2a0b41a109facc48d1d242c7acb30ab4c04d8421496da6e153aa",
                "sha256:9e96217a7c6a7d43071c830b1353a3ee669757ae477673f0fd3e3a97def6d410",
                "sha256:a0fa251b3b4c561d2f650d9a61fb8980815492bb088a0a521236995a1872e171",
                "sha256:a1cd48db3d03adb88bf71b45de77b9720f96d3b9d5ab7a32304352baec482689",
                "sha256:a51974fcb8a94284325cb88b474b76227532a25b035938a46167bebd1646718e",
                "sha256:aee4f570652ad77961e5ab871d11fd42752e7d2117b08324a0c8801a7ee0a7c5",
                "sha256:b2410469cc8fd0f42aa00e63063c42f8aff501996cd5424a5c904739bdaaf4fe",
                "sha256:b33e2cbaca6f7d01092a28711605568dbc08a3bb7b796d8986bf5d0d651a0b09",
                "sha256:bff4f236d1b6c556a77975812a4d51071181721f3a29c08b42e5c4aa11730957",
                "sha256:c37609f4e460e570810ec5176c5cdf91c494a9979638f7fef5fd345597245d17",
                "sha256:c8126d2b51621483823c6e31d16bc1f5a964ae976aab4f241bbe74ed19d93770",
                "sha256:c89a5ac319a80c131ca8d499ae0f7a91d4dd1dc3b2e9d8b095e991597b79c8f9",
                "sha256:c9a072cb0f6e90092c4323cd7731eb539a79ac360045dbe3cc49a123ba381fc5",
                "sha256:ca992783feaf1d6e25403340157fb584cf71371b094a575134393bba10b974fa",
                "sha256:cc8eb12c48598b20b4b99128bc2bd62974dfb65204ceb37807480788b1e66e64",
                "sha256:ccd0b89300a25decdb34d7c4efe2a971438015f552eeb416b8da12918cb3edc0",
                "sha256:cdba9f8a7a98b0c4c0bc004b811fb31a96521cd264aeb5375898478e7703de4d",
                "sha256:d17c2ee8aa380c012b3ba015b87502934662c51b7609ef17366c76863e9551d6",
                "sha256:d3f855669e1399597f7a2670310cf20fc04a35c6c446dd70320398e9aa481b3d",
                "sha256:d4bf11b89d8d7a7707ae5cac1ef86ac4ff78491482df037289470db8f0378043",
                "sha256:d66d8f3ebde14840a310a557c8f69eed3e153f2477747365355d058208eea515",
                "sha256:d83b8c0ce41e410af143bd3abef94e480d143fdb83e60a01bab9069bf565dada",
                "sha256:dcc712696d4332962ecab6e4df40d5126d7379c6612e6058ee2e9d3f924387e3",
                "sha256:e4c2fe1f49f1d8476fe44e243569d775c5454dca70a13be568430d2d2d760ea2",
                "sha256:e701b9dfb121faf71b0c5757485fc49e1b511b7b8a80034aa1f580488f8f872e",
                "sha256:e8ab4d5acdd3ac17161539d9f2ea764497dc269dcd8dc722ae4a394c7b64ae7f",
                "sha256:ea042ba262ea2a95d93c4d2d5879df956cf6c85ce22c037e3f0d4491182f10c5",
                "sha256:ed73d619e203aad54e2e6119a2b58b7568a36bd50a547817d13618ea0acf4412",
                "sha256:edac6490f84e8a0456cb40f6729d4199311ce50ca0ea4958572e1b7ea99f546c",
                "sha256:ee847d3e49870e914074fd31c069a1aaba6f71bee650d41de48e7e4b11671bf0",
                "sha256:eea308d98c64dbea48ac351011c4adf66acd936c4de2bf9955826ba8435197e2",
                "sha256:eec8a1eaaeadc217c15bc77d01bb29e146acdae73a0b2e9df1ad162263c9752e",
                "sha256:ef365ec78938597623d4fb96c8b0db423ab484fcfc00fae44c34b738b1eb1924",
                "sha256:f00495a80c5850466f0a57ea874761f78079702e28b63a1b6573ad254f828e44",
                "sha256:f0e51ff6d5665884b0e39b4ae0ef4e2d2d0174147147db7a870ddc4123882212",
                "sha256:f282711a220d1bdf245da508e1fefdf7680d1f7482a094e37465674a7e6985ae",
                "sha256:f30474b2906301594c8fb64cb7492c6978290c466a717c4b5316887a18b77af5",
                "sha256:f4f187f0929a35b6ddabc1324161e8c73ddbd4a7747249f10ec9ceaa793e904f",
                "sha256:f5a1f28b34a15dd2d67bcc324f6661df8cfe66d6ec7ee7a64e921af8ae4c39b7",
                "sha256:f5f7ce639bea0f5e95a1f71963624b85521a39928a2a1bb0e66f6180facf5969",
                "sha256:f9e3a5f4386c8f1811153f309a0ba3dc47d17e81a6dd29aa22d3e10212a2fd73",
                "sha256:ffa6762f8ef1e7dfba101babe43de6edc541cbe64d33d816314ac67cd76c3979"
            ],
            "markers": "python_version >= '3.6'",
            "version": "==0.21.1"
        },
        "lxml": {
            "hashes": [
                "sha256:04da965dfebb5dac2619cb90fcf93efdb35b3c6994fea58a157a834f2f94b318",
                "sha256:0538747a9d7827ce3e16a8fdd201a99e661c7dee3c96c885d8ecba3c35d1032c",
                "sha256:0645e934e940107e2fdbe7c5b6fb8ec6232444260752598bc4d09511bd056c0b",
                "sha256:079b68f197c796e42aa80b1f739f058dcee796dc725cc9a1be0cdb08fc45b000",
                "sha256:0f3f0059891d3254c7b5fb935330d6db38d6519ecd238ca4fce93c234b4a0f73",
                "sha256:10d2017f9150248563bb579cd0d07c61c58da85c922b780060dcc9a3aa9f432d",
                "sha256:1355755b62c28950f9ce123c7a41460ed9743c699905cbe664a5bcc5c9c7c7fb",
                "sha256:13c90064b224e10c14dcdf8086688d3f0e612db53766e7478d7754703295c7c8",
                "sha256:1423631e3d51008871299525b541413c9b6c6423593e89f9c4cfbe8460afc0a2",
                "sha256:1436cf0063bba7888e43f1ba8d58824f085410ea2025befe81150aceb123e345",
                "sha256:1a7c59c6ffd6ef5db362b798f350e24ab2cfa5700d53ac6681918f314a4d3b94",
                "sha256:1e1cf47774373777936c5aabad489fef7b1c087dcd1f426b621fda9dcc12994e",
                "sha256:206a51077773c6c5d2ce1991327cda719063a47adc02bd703c56a662cdb6c58b",
                "sha256:21fb3d24ab430fc538a96e9fbb9b150029914805d551deeac7d7822f64631dfc",
                "sha256:27e590352c76156f50f538dbcebd1925317a0f70540f7dc8c97d2931c595783a",
                "sha256:287605bede6bd36e930577c5925fcea17cb30453d96a7b4c63c14a257118dbb9",
                "sha256:2aaf6a0a6465d39b5ca69688fce82d20088c1838534982996ec46633dc7ad6cc",
                "sha256:32a73c53783becdb7eaf75a2a1525ea8e49379fb7248c3eeefb9412123536387",
                "sha256:41fb58868b816c202e8881fd0f179a4644ce6e7cbbb248ef0283a34b73ec73bb",
                "sha256:4780677767dd52b99f0af1f123bc2c22873d30b474aa0e2fc3fe5e02217687c7",
                "sha256:4878e667ebabe9b65e785ac8da4d48886fe81193a84bbe49f12acff8f7a383a4",
                "sha256:487c8e61d7acc50b8be82bda8c8d21d20e133c3cbf41bd8ad7eb1aaeb3f07c97",
                "sha256:4beea0f31491bc086991b97517b9683e5cfb369205dac0148ef685ac12a20a67",
                "sha256:4cfbe42c686f33944e12f45a27d25a492cc0e43e1dc1da5d6a87cbcaf2e95627",
                "sha256:4d5bae0a37af799207140652a700f21a85946f107a199bcb06720b13a4f1f0b7",
                "sha256:4e285b5f2bf321fc0857b491b5028c5f276ec0c873b985d58d7748ece1d770dd",
                "sha256:57e4d637258703d14171b54203fd6822fda218c6c2658a7d30816b10995f29f3",
                "sha256:5974895115737a74a00b321e339b9c3f45c20275d226398ae79ac008d908bff7",
                "sha256:5ef87fca280fb15342726bd5f980f6faf8b84a5287fcc2d4962ea8af88b35130",
                "sha256:603a464c2e67d8a546ddaa206d98e3246e5db05594b97db844c2f0a1af37cf5b",
                "sha256:6653071f4f9bac46fbc30f3c7838b0e9063ee335908c5d61fb7a4a86c8fd2036",
                "sha256:6ca2264f341dd81e41f3fffecec6e446aa2121e0b8d026fb5130e02de1402785",
                "sha256:6d279033bf614953c3fc4a0aa9ac33a21e8044ca72d4fa8b9273fe75359d5cca",
                "sha256:6d949f53ad4fc7cf02c44d6678e7ff05ec5f5552b235b9e136bd52e9bf730b91",
                "sha256:6daa662aba22ef3258934105be2dd9afa5bb45748f4f702a3b39a5bf53a1f4dc",
                "sha256:6eafc048ea3f1b3c136c71a86db393be36b5b3d9c87b1c25204e7d397cee9536",
                "sha256:830c88747dce8a3e7525defa68afd742b4580df6aa2fdd6f0855481e3994d391",
                "sha256:86e92728ef3fc842c50a5cb1d5ba2bc66db7da08a7af53fb3da79e202d1b2cd3",
                "sha256:8caf4d16b31961e964c62194ea3e26a0e9561cdf72eecb1781458b67ec83423d",
                "sha256:8d1a92d8e90b286d491e5626af53afef2ba04da33e82e30744795c71880eaa21",
                "sha256:8f0a4d179c9a941eb80c3a63cdb495e539e064f8054230844dcf2fcb812b71d3",
                "sha256:9232b09f5efee6a495a99ae6824881940d6447debe272ea400c02e3b68aad85d",
                "sha256:927a9dd016d6033bc12e0bf5dee1dde140235fc8d0d51099353c76081c03dc29",
                "sha256:93e414e3206779ef41e5ff2448067213febf260ba747fc65389a3ddaa3fb8715",
                "sha256:98cafc618614d72b02185ac583c6f7796202062c41d2eeecdf07820bad3295ed",
                "sha256:9c3a88d20e4fe4a2a4a84bf439a5ac9c9aba400b85244c63a1ab7088f85d9d25",
                "sha256:9f36de4cd0c262dd9927886cc2305aa3f2210db437aa4fed3fb4940b8bf4592c",
                "sha256:a60f90bba4c37962cbf210f0188ecca87daafdf60271f4c6948606e4dabf8785",
                "sha256:a614e4afed58c14254e67862456d212c4dcceebab2eaa44d627c2ca04bf86837",
                "sha256:ae06c1e4bc60ee076292e582a7512f304abdf6c70db59b56745cca1684f875a4",
                "sha256:b122a188cd292c4d2fcd78d04f863b789ef43aa129b233d7c9004de08693728b",
                "sha256:b570da8cd0012f4af9fa76a5635cd31f707473e65a5a335b186069d5c7121ff2",
                "sha256:bcaa1c495ce623966d9fc8a187da80082334236a2a1c7e141763ffaf7a405067",
                "sha256:bd34f6d1810d9354dc7e35158aa6cc33456be7706df4420819af6ed966e85448",
                "sha256:be9eb06489bc975c38706902cbc6888f39e946b81383abc2838d186f0e8b6a9d",
                "sha256:c4b2e0559b68455c085fb0f6178e9752c4be3bba104d6e881eb5573b399d1eb2",
                "sha256:c62e8dd9754b7debda0c5ba59d34509c4688f853588d75b53c3791983faa96fc",
                "sha256:c852b1530083a620cb0de5f3cd6826f19862bafeaf77586f1aef326e49d95f0c",
                "sha256:d9fc0bf3ff86c17348dfc5d322f627d78273eba545db865c3cd14b3f19e57fa5",
                "sha256:dad7b164905d3e534883281c050180afcf1e230c3d4a54e8038aa5cfcf312b84",
                "sha256:e5f66bdf0976ec667fc4594d2812a00b07ed14d1b44259d19a41ae3fff99f2b8",
                "sha256:e8f0c9d65da595cfe91713bc1222af9ecabd37971762cb830dea2fc3b3bb2acf",
                "sha256:edffbe3c510d8f4bf8640e02ca019e48a9b72357318383ca60e3330c23aaffc7",
                "sha256:eea5d6443b093e1545ad0210e6cf27f920482bfcf5c77cdc8596aec73523bb7e",
                "sha256:ef72013e20dd5ba86a8ae1aed7f56f31d3374189aa8b433e7b12ad182c0d2dfb",
                "sha256:f05251bbc2145349b8d0b77c0d4e5f3b228418807b1ee27cefb11f69ed3d233b",
                "sha256:f1be258c4d3dc609e654a1dc59d37b17d7fef05df912c01fc2e15eb43a9735f3",
                "sha256:f9ced82717c7ec65a67667bb05865ffe38af0e835cdd78728f1209c8fffe0cad",
                "sha256:fe17d10b97fdf58155f858606bddb4e037b805a60ae023c009f760d8361a4eb8",
                "sha256:fe749b052bb7233fe5d072fcb549221a8cb1a16725c47c37e42b0b9cb3ff2c3f"
            ],
            "index": "pypi",
            "version": "==4.9.1"
        },
        "python-levenshtein": {
            "hashes": [
                "sha256:01ea6828c03738a475ee18ea8b86a674eb45ce80e9cce88376d132cf3ab26060",
                "sha256:5f49ebb4772a274aac4aeb190fc23ad537ebe778dec15a8f17975f746478c691"
            ],
            "version": "==0.21.1"
        },
        "rapidfuzz": {
            "hashes": [
                "sha256:045e5cccb0e792005d5465de0ea4621b9b67778580e558f266984704e68b0087",
                "sha256:04d22f6058ce5d620ec4ecd771e44cfa77d571137d6c6547df57bdfc44ee2a98",
                "sha256:08a242c4b909abbcfa44504dc5041d5eeca4cd088ae51afd6a52b4dc61684fa2",
                "sha256:0de6962b45f761355fa4b37de635e4df467d57530732a40d82e748a5bc911731",
                "sha256:108861623838cd574b0faa3309ce8525c2086159de7f9e23ac263a987c070ebd",
                "sha256:1bd4fdee46f6ba7d254dba8e7e8f33012c964fc891a06b036b0fd20cab0db301",
                "sha256:239ffc04328e14f5e4097102bd934352a43d5912acf34fb7d3e3fe306de92787",
                "sha256:24e4c4a031c50e4eeb4787263319a0ac5bed20f4a263d28eac060150e3ba0018",
                "sha256:2504205552bf568ac478f17dd612d0e31c4a82c645c66209a442df7e572b5adc",
                "sha256:25d2bd257034e910df0951cdeff337dbd086d7d90af3ed9f6721e7bba9fc388a",
                "sha256:2bf85a3bf34f27383691e8af0fd148b2a3a89f1444d4640d04ef58030f596ee0",
                "sha256:2eac585803c4e8132ed5f4a150621db05c418304982c88cf706abdded65e1632",
                "sha256:2f2e618389427c5e8304357a78f83df22558e61f11bc21aeb95dd544c274d330",
                "sha256:3002c3660180747243cccb40c95ade1960e6665b340f211a114f5994b345ab53",
                "sha256:3557736672115d082979a8a12f884ed5b24268f4471fee85cfb2ec7212b68607",
                "sha256:366ade5d0067dc6281e2a6c9e5c91bbfe023b09cef86894de8fe480b4696e3bf",
                "sha256:37bb6bd6a79d5524f121ff2a7d7df4491519b3f43565dccd4596bd75aa73ab7c",
                "sha256:3af2b75635f33ffab84e295773c84a176d4cba75311d836ad79b6795e9da11ac",
                "sha256:448d031d9960fea7826d42bd4284156fc68d3b55a6946eb34ca5c6acf960577b",
                "sha256:49fc2cbbf05bfa1af3fe4c0e0c8e5c8ac118d6b6ddfb0081cff48ad53734f7ac",
                "sha256:4e18059188bfe3cdbc3462aeec2fa3302b08717e04ca34e2cc6e02fb3c0280d8",
                "sha256:4ff6e725eec9c769f9d22126c80a6ada90275c0d693eca2b35d5933178bda5a2",
                "sha256:538027685a1a8f1699e329f6443951267f169bfa149298734ea679db8f0e7171",
                "sha256:53b3575fa398a5021192c1592dce98965560ad00690be3ade056eab99288562c",
                "sha256:54842a578a2a8e5258812a9032ffb55e6f1185490fd160cae64e57b4dc342297",
                "sha256:54906095444ea8b0a4013f3799b3f2c380205d7f60b9c55774e7d2264fa8d9c6",
                "sha256:56a392b655597ecf40535b56bfb7c0856c10c0abc0cbc369fd25a1665420710b",
                "sha256:5863b176da42b1bb450a28375ef1502f81fbecd210a5aae295d7f2221284ad41",
                "sha256:5c7f20e68cad26fc140c6f2ac9e8f2632a0cd66e407ba3ea4ace63c669fd4719",
                "sha256:5dd5c4b9f5cd8a8271a90d1bab643028e7172808c68ed5d8dde661a3e51098e3",
                "sha256:5f3e36cfadaf29f081ad4ca476e320b639d610e930e0557f395780c9b2bdb135",
                "sha256:613c1043332eeba0c0910de71af221ac10d820b4fa9615b0083c733b90a757f9",
                "sha256:68c678f7f3ca3d83d1e1dd7fb7db3232037d9eef12a47f1d5fe248a76ca47571",
                "sha256:6bc5e3da74644cf75663f5b438e0ae79b67d1f96d082cda771b0ecfed0528f40",
                "sha256:6d44218823533e0d47770feef86c73c90a6f7e8d4923eafabf56a1fa3444eda0",
                "sha256:6e98f0a6fac14b7b9893147deceae12131f6ff169ae1c973635ef97617949c8f",
                "sha256:71b07afaca28398b93d727a2565491c455896898b66daee4664acde4af94e557",
                "sha256:75df3d9b895910ee810b2c96c8626cc2b5b63bb237762db36ff79fb466eccc43",
                "sha256:76953516cb3b75fb1234c5a90e0b86be4525f055a9e276237adb1ffe40dca536",
                "sha256:7a7d53a2f1ccfb169be26fa3824b1b185420592c75853f16c6b7115315ea6784",
                "sha256:84ce2e010677835fa5ba591419e4404f11a1446f33eec3724a2bff557ae5144a",
                "sha256:871052405c465a45b53a3dc854a8be62079f42cdbb052651ff0b65e2452131e6",
                "sha256:87c3d4077e61c66d5dd11198a317f83db8e8cf034239baa16e4384037b611652",
                "sha256:88e99229c4df99a7e5810d4d361033b44e29d8eb4faaddcfb8e4bdcb604cf40a",
                "sha256:893833a903875a50acdbcb7ed33b5426ba47412bd18b3eb80d56d982b641dc59",
                "sha256:8a165f64c528edc0bbbd09c76d64efd4dbe4240fd1961710b69586ef40486e79",
                "sha256:8e39c4e2e85828aa6c39cc7f30e2917d991b40190a2a3af1fa02396a3362a54e",
                "sha256:8f8590c39a3f745b314f2697b140c8f8600fe7ecfb2101e9e4ec6e7716c66827",
                "sha256:8fa44afb731535a803c4c15ee846257fef050768af96d1d6c0eadb30285d0f7b",
                "sha256:986a7aad18768b920bb710e15ed7629d1da0af31589348c0a51d152820efc05d",
                "sha256:9bdb1f92c4666c7e1d3c21268b931cf3f06f32af98dfdeb37641159b15fa31dd",
                "sha256:9f21ce33242e579ba255c8a8b438782164acaa55bf188d9410298c40cbaa07d5",
                "sha256:a1e04861dddbb477500449dc67fb037656a049b6f78c4c434c6000e64aa42bb4",
                "sha256:a284386652efb3b7d41ed5dd101ab4ce5936f585c52a47fa9838fc0342235700",
                "sha256:a2a6babfe4d3ce2eadd0079ee7861cb5f1584845c5a3394edead85457e7d7464",
                "sha256:a359436754ed5dd10d88706f076caa7f8e5c1469bf5ebba1897dc87aa9ff953e",
                "sha256:a9658c545de62ac948027092ba7f4e8507ebc5c9aef964eca654409c58f207f0",
                "sha256:aa50de7e0f95e1400b2bf38cfeb6e40cf87c862537871c2f7b2050b5db0a9dfc",
                "sha256:ab2863732eafd1cc58f249f145c20ad13d4c902d3ef3a369b00438c05e5bfb55",
                "sha256:ac7ddcd372ed202d1b59b117506da695b291f135435cfbf3e71490aa8e687173",
                "sha256:adfffb79288437006be412d74e28cddd7c5e6cc9f84a34aa9c356b13dc1ad2c9",
                "sha256:af3ac648232c109e36c8b941106d726969972644aa3ef55218c5988aa1daea03",
                "sha256:af7914fc7683f921492f32314cfbe915a5376cc08a982e09084cbd9b866c9fd4",
                "sha256:b56ce39ba0a77501d491bc20a2266989ae0264452758b004950ee5f4c10c641f",
                "sha256:b9e79e27344af95a71a3bb6cd3562581da5d0780ff847a13ad69ee622d940d3c",
                "sha256:bcfd184e0b5c58497cc3d961f49ac07ae1656d161c6c4d06230d267ae4e11f00",
                "sha256:c130e73e0079f403b7c3dbf6f85816a3773971c3e639f7289f8b4337b8fd70fe",
                "sha256:c13107e0fdca5ccae70659f45646d57453338a9dfc6b152fb7372e4bf73466a0",
                "sha256:c546c83d6bc9006b86f56921b92c3e16d8ddeb4e1663653e755a5d8a3ac258da",
                "sha256:ca0983b30c7b289f540b11cdb550e301b3f2e8f0ef9df866aa24a16f6cd96041",
                "sha256:ca0d6aee42effaf2e8883d2181196dd0957b1af5731b0763f10f994c32c823db",
                "sha256:cf5ea3f1d65a0bee707245a0096c3a6f769b3ad6f1b9afc7176dfb73eb0ac98f",
                "sha256:d04ad155dbecc0c143912f691d38d4790e290c2ce5411b146c0e00d4f4afd26f",
                "sha256:d19c2853a464c7b98cc408654412fd875b030f78023ccbefc4ba9eec754e07e7",
                "sha256:d2d0fc98d9d7bba44f929d201c2c2c35eb69ea2ffef43d939b297dafef934625",
                "sha256:d39128415f0b52be08c15eeee5f79288189933a4d6fa5dc5fff11e20614b7989",
                "sha256:da00990adf1fbc0904f22409b3451473fa465a0ef49f3075703c206080aa31b2",
                "sha256:dbebd639579ab113644699fe0c536ae00aba15b224e40a79987684333d1104a5",
                "sha256:dc53747e73f34e8f3a3c1b0bc5b437b90a2c69d873e97781aa7c06543201409a",
                "sha256:de44a378751fdfb19ddf6af412b3395db4b21ab61f40139f815c82f1a1611b50",
                "sha256:e336b0a81c5a8e689edf6928136d19e791733a66509026d9acbaa148238186e0",
                "sha256:e8d91137b0b5a6ef06c3979b6302265129dee1741486b6baa241ac63a632bea7",
                "sha256:f0907f87beca70e44f78e318eede2416ddba19ec43d28af9248617e8a1741ef3",
                "sha256:f09fd9dc73180deb9ca1c4fbd9cc27378f0ab6ee74e97318c38c5080708702b6",
                "sha256:f223deb06895c9c136b40cd8fd7e96ee745c3bb9ed502d7367f6ad9ab6fdd40e",
                "sha256:f5787f1cc456207dee1902804209e1a90df67e88517213aeeb1b248822413b4c",
                "sha256:f946dec03cc2c77bc091d186c007d1e957d1f16a4d68a181f5fa75aea40bdf87",
                "sha256:fb9bb1af5680741cf974f510fb3894907a1b308e819aff3d9ea10b5326e8a5f6",
                "sha256:fc0e1142350566349c41173685988d942ebc89578f25ee27750d261e7d79e1ce",
                "sha256:fc859f654b350def5df2ebc6d09f822b04399823e3dad1c3f2e8776c825fcde7",
                "sha256:fd3fca0224b84350f73eab1fb5728c58fd25ee4f20e512607c7d83f9bc836d3f",
                "sha256:fd80288b9538c87209893f0934563c20b6a43acf30693794bcc111b294447ee9"
            ],
            "markers": "python_version >= '3.7'",
            "version": "==3.2.0"
        },
        "requests": {
            "hashes": [
                "sha256:58cd2187c01e70e6e26505bca751777aa9f2ee0b7f4300988b709f44e013003f",
                "sha256:942c5a758f98d790eaed1a29cb6eefc7ffb0d1cf7af05c3d2791656dbd6ad1e1"
            ],
            "index": "pypi",
            "version": "==2.31.0"
        },
        "rfc3986": {
            "extras": [
                "idna2008"
            ],
            "hashes": [
                "sha256:270aaf10d87d0d4e095063c65bf3ddbc6ee3d0b226328ce21e036f946e421835",
                "sha256:a86d6e1f5b1dc238b218b012df0aa79409667bb209e58da56d0b94704e712a97"
            ],
            "version": "==1.5.0"
        },
        "selenium": {
            "hashes": [
                "sha256:2d7131d7bc5a5b99a2d9b04aaf2612c411b03b8ca1b1ee8d3de5845a9be2cb3c",
                "sha256:deaf32b60ad91a4611b98d8002757f29e6f2c2d5fcaf202e1c9ad06d6772300d"
            ],
            "index": "pypi",
            "version": "==3.141.0"
        },
        "sniffio": {
            "hashes": [
                "sha256:e60305c5e5d314f5389259b7f22aaa33d8f7dee49763119234af3755c55b9101",
                "sha256:eecefdce1e5bbfb7ad2eeaabf7c1eeb404d7757c379bd1f7e5cce9d8bf425384"
            ],
            "markers": "python_version >= '3.7'",
            "version": "==1.3.0"
        },
        "stop-words": {
            "hashes": [
                "sha256:6df3ad5f5de697daa437e4445c86c73604e6bc138dd0dc0fac55664aa4e6b03e"
            ],
            "index": "pypi",
            "version": "==2018.7.23"
        },
        "urllib3": {
            "hashes": [
                "sha256:8d22f86aae8ef5e410d4f539fde9ce6b2113a001bb4d189e0aed70642d602b11",
                "sha256:de7df1803967d2c2a98e4b11bb7d6bd9210474c46e8a0401514e3a42a75ebde4"
            ],
            "markers": "python_version >= '3.7'",
            "version": "==2.0.4"
        }
    },
    "develop": {}
}
